// !$*UTF8*$!
{
	archiveVersion = 1;
	classes = {
	};
	objectVersion = 46;
	objects = {

/* Begin PBXBuildFile section */
		19339AD21C23DC6100791A9E /* CreateMerchantTVC.m in Sources */ = {isa = PBXBuildFile; fileRef = 19339AD11C23DC6100791A9E /* CreateMerchantTVC.m */; };
		19339AD61C23DEF800791A9E /* ActionMMaterial.m in Sources */ = {isa = PBXBuildFile; fileRef = 19339AD51C23DEF800791A9E /* ActionMMaterial.m */; };
		19339AD91C23E4C000791A9E /* AwardManagerController.m in Sources */ = {isa = PBXBuildFile; fileRef = 19339AD81C23E4C000791A9E /* AwardManagerController.m */; };
		19339ADC1C23E74F00791A9E /* MMaterialManager.m in Sources */ = {isa = PBXBuildFile; fileRef = 19339ADB1C23E74F00791A9E /* MMaterialManager.m */; };
		19339ADF1C23E86F00791A9E /* MyAwardController.m in Sources */ = {isa = PBXBuildFile; fileRef = 19339ADE1C23E86F00791A9E /* MyAwardController.m */; };
		19339AE21C257F1200791A9E /* MMaterialTVC.m in Sources */ = {isa = PBXBuildFile; fileRef = 19339AE11C257F1200791A9E /* MMaterialTVC.m */; };
		19339AE51C258AB500791A9E /* MMeTVC.m in Sources */ = {isa = PBXBuildFile; fileRef = 19339AE41C258AB500791A9E /* MMeTVC.m */; };
		19339AEB1C26773400791A9E /* ScanMerchantController.m in Sources */ = {isa = PBXBuildFile; fileRef = 19339AEA1C26773400791A9E /* ScanMerchantController.m */; };
		19339AEE1C26782D00791A9E /* ApplyCreditTVC.m in Sources */ = {isa = PBXBuildFile; fileRef = 19339AED1C26782D00791A9E /* ApplyCreditTVC.m */; };
		19339AF11C269BD500791A9E /* MyOneAwardTVC.m in Sources */ = {isa = PBXBuildFile; fileRef = 19339AF01C269BD500791A9E /* MyOneAwardTVC.m */; };
		19339AF41C269D0400791A9E /* MyOneAwardCell.m in Sources */ = {isa = PBXBuildFile; fileRef = 19339AF31C269D0400791A9E /* MyOneAwardCell.m */; };
		19339AF91C29403400791A9E /* MAwardDerivateCVC.m in Sources */ = {isa = PBXBuildFile; fileRef = 19339AF81C29403400791A9E /* MAwardDerivateCVC.m */; };
		19339AFC1C29407900791A9E /* MAwardDerivateCell.m in Sources */ = {isa = PBXBuildFile; fileRef = 19339AFB1C29407900791A9E /* MAwardDerivateCell.m */; };
		19339AFF1C2950BD00791A9E /* MAwardApplyTVC.m in Sources */ = {isa = PBXBuildFile; fileRef = 19339AFE1C2950BD00791A9E /* MAwardApplyTVC.m */; };
		19339B021C2950FA00791A9E /* MAwardApplyCell.m in Sources */ = {isa = PBXBuildFile; fileRef = 19339B011C2950FA00791A9E /* MAwardApplyCell.m */; };
		19339B061C2954C000791A9E /* ActionMCredit.m in Sources */ = {isa = PBXBuildFile; fileRef = 19339B051C2954C000791A9E /* ActionMCredit.m */; };
		19339B091C2ABDFF00791A9E /* ConsumerAwardTVC.m in Sources */ = {isa = PBXBuildFile; fileRef = 19339B081C2ABDFF00791A9E /* ConsumerAwardTVC.m */; };
		19339B0C1C2ABEA000791A9E /* ConsumerAwardCell.m in Sources */ = {isa = PBXBuildFile; fileRef = 19339B0B1C2ABEA000791A9E /* ConsumerAwardCell.m */; };
		19339B0F1C2C340900791A9E /* COneAwardCell.m in Sources */ = {isa = PBXBuildFile; fileRef = 19339B0E1C2C340900791A9E /* COneAwardCell.m */; };
		19339B121C2C343700791A9E /* COneAwardTVC.m in Sources */ = {isa = PBXBuildFile; fileRef = 19339B111C2C343700791A9E /* COneAwardTVC.m */; };
		19339B1B1C3013F800791A9E /* InterchangeController.m in Sources */ = {isa = PBXBuildFile; fileRef = 19339B1A1C3013F800791A9E /* InterchangeController.m */; };
		193C371C1C1B0D800017CC9C /* AccountController.m in Sources */ = {isa = PBXBuildFile; fileRef = 193C371B1C1B0D800017CC9C /* AccountController.m */; };
		193C371F1C1B12270017CC9C /* Account.storyboard in Resources */ = {isa = PBXBuildFile; fileRef = 193C371E1C1B12270017CC9C /* Account.storyboard */; };
		193C37221C1B16C60017CC9C /* ActionAccount.m in Sources */ = {isa = PBXBuildFile; fileRef = 193C37211C1B16C60017CC9C /* ActionAccount.m */; };
		193C37711C1BE2B70017CC9C /* ActionCredit.m in Sources */ = {isa = PBXBuildFile; fileRef = 193C37601C1BE2B70017CC9C /* ActionCredit.m */; };
		193C37721C1BE2B70017CC9C /* MyAwardCell.m in Sources */ = {isa = PBXBuildFile; fileRef = 193C37621C1BE2B70017CC9C /* MyAwardCell.m */; };
		193C37741C1BE2B70017CC9C /* MyAwardTVC.m in Sources */ = {isa = PBXBuildFile; fileRef = 193C37661C1BE2B70017CC9C /* MyAwardTVC.m */; };
		193C37751C1BE2B70017CC9C /* MeController.m in Sources */ = {isa = PBXBuildFile; fileRef = 193C376A1C1BE2B70017CC9C /* MeController.m */; };
		193C37761C1BE2B70017CC9C /* MeNavigationController.m in Sources */ = {isa = PBXBuildFile; fileRef = 193C376C1C1BE2B70017CC9C /* MeNavigationController.m */; };
		193C37771C1BE2B70017CC9C /* MeTVC.m in Sources */ = {isa = PBXBuildFile; fileRef = 193C376E1C1BE2B70017CC9C /* MeTVC.m */; };
		193C377A1C1BE3EA0017CC9C /* Bootstrap.storyboard in Resources */ = {isa = PBXBuildFile; fileRef = 193C37781C1BE3EA0017CC9C /* Bootstrap.storyboard */; };
		193C37841C1BE8510017CC9C /* BootstrapController.m in Sources */ = {isa = PBXBuildFile; fileRef = 193C37831C1BE8510017CC9C /* BootstrapController.m */; };
		193C37871C1BE8B40017CC9C /* MerchantMain.m in Sources */ = {isa = PBXBuildFile; fileRef = 193C37861C1BE8B40017CC9C /* MerchantMain.m */; };
		193C378A1C1BE9CA0017CC9C /* Merchant.storyboard in Resources */ = {isa = PBXBuildFile; fileRef = 193C37881C1BE9CA0017CC9C /* Merchant.storyboard */; };
		193C378D1C1BED3C0017CC9C /* SettingTVC.m in Sources */ = {isa = PBXBuildFile; fileRef = 193C378C1C1BED3C0017CC9C /* SettingTVC.m */; };
		193C37931C1BFF560017CC9C /* MMe.storyboard in Resources */ = {isa = PBXBuildFile; fileRef = 193C37921C1BFF560017CC9C /* MMe.storyboard */; };
		193C37991C1C0B7A0017CC9C /* MMeNavigationController.m in Sources */ = {isa = PBXBuildFile; fileRef = 193C37981C1C0B7A0017CC9C /* MMeNavigationController.m */; };
		193C379F1C1C0BD70017CC9C /* MMeController.m in Sources */ = {isa = PBXBuildFile; fileRef = 193C379E1C1C0BD70017CC9C /* MMeController.m */; };
		193C37A21C1C0DE20017CC9C /* MSettingTVC.m in Sources */ = {isa = PBXBuildFile; fileRef = 193C37A11C1C0DE20017CC9C /* MSettingTVC.m */; };
		193C37A51C1C17870017CC9C /* AwardDerivateCVC.m in Sources */ = {isa = PBXBuildFile; fileRef = 193C37A41C1C17870017CC9C /* AwardDerivateCVC.m */; };
		193C37A81C1C19240017CC9C /* AwardDerivateCell.m in Sources */ = {isa = PBXBuildFile; fileRef = 193C37A71C1C19240017CC9C /* AwardDerivateCell.m */; };
		193C37AB1C1C23460017CC9C /* Discount.storyboard in Resources */ = {isa = PBXBuildFile; fileRef = 193C37A91C1C23460017CC9C /* Discount.storyboard */; };
		193C37AE1C1C23D90017CC9C /* DiscountNavigationController.m in Sources */ = {isa = PBXBuildFile; fileRef = 193C37AD1C1C23D90017CC9C /* DiscountNavigationController.m */; };
		193C37B11C1C24170017CC9C /* DiscountTVC.m in Sources */ = {isa = PBXBuildFile; fileRef = 193C37B01C1C24170017CC9C /* DiscountTVC.m */; };
		193C37B41C1C254C0017CC9C /* DiscountCell.m in Sources */ = {isa = PBXBuildFile; fileRef = 193C37B31C1C254C0017CC9C /* DiscountCell.m */; };
		193C37E51C1D4A070017CC9C /* RoleManager.m in Sources */ = {isa = PBXBuildFile; fileRef = 193C37E41C1D4A070017CC9C /* RoleManager.m */; };
		193C38081C1D90500017CC9C /* MaterialTVC.m in Sources */ = {isa = PBXBuildFile; fileRef = 193C38071C1D90500017CC9C /* MaterialTVC.m */; };
		193C38291C1D94DE0017CC9C /* MKMapView+MapViewUtil.m in Sources */ = {isa = PBXBuildFile; fileRef = 193C380B1C1D94DE0017CC9C /* MKMapView+MapViewUtil.m */; };
		193C382A1C1D94DE0017CC9C /* NSDate+Helpers.m in Sources */ = {isa = PBXBuildFile; fileRef = 193C380D1C1D94DE0017CC9C /* NSDate+Helpers.m */; };
		193C382B1C1D94DE0017CC9C /* NSString+Md5.m in Sources */ = {isa = PBXBuildFile; fileRef = 193C380F1C1D94DE0017CC9C /* NSString+Md5.m */; };
		193C382C1C1D94DE0017CC9C /* UIColor+Extension.m in Sources */ = {isa = PBXBuildFile; fileRef = 193C38111C1D94DE0017CC9C /* UIColor+Extension.m */; };
		193C382D1C1D94DE0017CC9C /* UIImage+FixOrientation.m in Sources */ = {isa = PBXBuildFile; fileRef = 193C38131C1D94DE0017CC9C /* UIImage+FixOrientation.m */; };
		193C382E1C1D94DE0017CC9C /* UITableView+FDTemplateLayoutCell.m in Sources */ = {isa = PBXBuildFile; fileRef = 193C38151C1D94DE0017CC9C /* UITableView+FDTemplateLayoutCell.m */; };
		193C382F1C1D94DE0017CC9C /* NetCommunication.m in Sources */ = {isa = PBXBuildFile; fileRef = 193C38181C1D94DE0017CC9C /* NetCommunication.m */; };
		193C38301C1D94DE0017CC9C /* Album.storyboard in Resources */ = {isa = PBXBuildFile; fileRef = 193C381A1C1D94DE0017CC9C /* Album.storyboard */; };
		193C38311C1D94DE0017CC9C /* AlbumTestController.m in Sources */ = {isa = PBXBuildFile; fileRef = 193C381C1C1D94DE0017CC9C /* AlbumTestController.m */; };
		193C38321C1D94DE0017CC9C /* CircleImageCVLayout.m in Sources */ = {isa = PBXBuildFile; fileRef = 193C381E1C1D94DE0017CC9C /* CircleImageCVLayout.m */; };
		193C38331C1D94DE0017CC9C /* ImageCheckableCell.m in Sources */ = {isa = PBXBuildFile; fileRef = 193C38201C1D94DE0017CC9C /* ImageCheckableCell.m */; };
		193C38341C1D94DE0017CC9C /* ImageFullscreenSVC.m in Sources */ = {isa = PBXBuildFile; fileRef = 193C38221C1D94DE0017CC9C /* ImageFullscreenSVC.m */; };
		193C38351C1D94DE0017CC9C /* ImageListCell.m in Sources */ = {isa = PBXBuildFile; fileRef = 193C38241C1D94DE0017CC9C /* ImageListCell.m */; };
		193C38361C1D94DE0017CC9C /* ImageListCVC.m in Sources */ = {isa = PBXBuildFile; fileRef = 193C38261C1D94DE0017CC9C /* ImageListCVC.m */; };
		193C38371C1D94DE0017CC9C /* PhotoAlbum.m in Sources */ = {isa = PBXBuildFile; fileRef = 193C38281C1D94DE0017CC9C /* PhotoAlbum.m */; };
		193C38411C1D95920017CC9C /* GTMBase64.m in Sources */ = {isa = PBXBuildFile; fileRef = 193C383A1C1D95920017CC9C /* GTMBase64.m */; };
		193C38421C1D95920017CC9C /* ClickableImageView.m in Sources */ = {isa = PBXBuildFile; fileRef = 193C383E1C1D95920017CC9C /* ClickableImageView.m */; };
		193C38431C1D95920017CC9C /* ClickableStackView.m in Sources */ = {isa = PBXBuildFile; fileRef = 193C38401C1D95920017CC9C /* ClickableStackView.m */; };
		193C38461C1EEDF30017CC9C /* SyncHttp.m in Sources */ = {isa = PBXBuildFile; fileRef = 193C38451C1EEDF30017CC9C /* SyncHttp.m */; };
		1942C36C1BE89F6700C2DCF4 /* main.m in Sources */ = {isa = PBXBuildFile; fileRef = 1942C36B1BE89F6700C2DCF4 /* main.m */; };
		1942C36F1BE89F6700C2DCF4 /* AppDelegate.m in Sources */ = {isa = PBXBuildFile; fileRef = 1942C36E1BE89F6700C2DCF4 /* AppDelegate.m */; };
		1942C3751BE89F6700C2DCF4 /* Consumer.storyboard in Resources */ = {isa = PBXBuildFile; fileRef = 1942C3731BE89F6700C2DCF4 /* Consumer.storyboard */; };
		1942C3771BE89F6700C2DCF4 /* Assets.xcassets in Resources */ = {isa = PBXBuildFile; fileRef = 1942C3761BE89F6700C2DCF4 /* Assets.xcassets */; };
		1942C37A1BE89F6700C2DCF4 /* LaunchScreen.storyboard in Resources */ = {isa = PBXBuildFile; fileRef = 1942C3781BE89F6700C2DCF4 /* LaunchScreen.storyboard */; };
		19CAA8D81C354D2F00010F68 /* MActivity.storyboard in Resources */ = {isa = PBXBuildFile; fileRef = 19CAA8D71C354D2F00010F68 /* MActivity.storyboard */; };
		19CAA8DB1C354D9300010F68 /* MActivityNavigationController.m in Sources */ = {isa = PBXBuildFile; fileRef = 19CAA8DA1C354D9300010F68 /* MActivityNavigationController.m */; };
		19CAA8DE1C354E1B00010F68 /* ActionMActivity.m in Sources */ = {isa = PBXBuildFile; fileRef = 19CAA8DD1C354E1B00010F68 /* ActionMActivity.m */; };
		19CAA8E21C354E5200010F68 /* MActivityTVC.m in Sources */ = {isa = PBXBuildFile; fileRef = 19CAA8E11C354E5200010F68 /* MActivityTVC.m */; };
		19CBBBF81C21A630002A920E /* MaterialManager.m in Sources */ = {isa = PBXBuildFile; fileRef = 19CBBBF71C21A62F002A920E /* MaterialManager.m */; };
		19CBBBFC1C21B4EC002A920E /* ActionMaterial.m in Sources */ = {isa = PBXBuildFile; fileRef = 19CBBBFB1C21B4EC002A920E /* ActionMaterial.m */; };
		19CBBBFE1C21BE13002A920E /* libz.tbd in Frameworks */ = {isa = PBXBuildFile; fileRef = 19CBBBFD1C21BE13002A920E /* libz.tbd */; };
		19CBBC051C228D16002A920E /* ActionQiniu.m in Sources */ = {isa = PBXBuildFile; fileRef = 19CBBC041C228D16002A920E /* ActionQiniu.m */; };
		19ED4C8D1C1AA77F00FE4341 /* Me.storyboard in Resources */ = {isa = PBXBuildFile; fileRef = 19ED4C8B1C1AA77F00FE4341 /* Me.storyboard */; };
		19FC0FC11C1F1E89008157E3 /* SKeyManager.m in Sources */ = {isa = PBXBuildFile; fileRef = 19FC0FC01C1F1E89008157E3 /* SKeyManager.m */; };
		9AB8F5391E69834489FF8DAD /* libPods.a in Frameworks */ = {isa = PBXBuildFile; fileRef = 0E77514A77D3C896A8E7F09D /* libPods.a */; };
		B51C0B051C1DB530006F344F /* AccountRegisterController.m in Sources */ = {isa = PBXBuildFile; fileRef = B51C0B041C1DB530006F344F /* AccountRegisterController.m */; };
		B51C0B081C1F0F85006F344F /* AccountResetPassword.m in Sources */ = {isa = PBXBuildFile; fileRef = B51C0B071C1F0F85006F344F /* AccountResetPassword.m */; };
		B51C0B4B1C246B36006F344F /* YMUtils.m in Sources */ = {isa = PBXBuildFile; fileRef = B51C0B4A1C246B36006F344F /* YMUtils.m */; };
		B51C0B4D1C246B3E006F344F /* zh_CN.json in Resources */ = {isa = PBXBuildFile; fileRef = B51C0B4C1C246B3E006F344F /* zh_CN.json */; };
		B5EDC2FF1C269580002E2833 /* MeNickNameVC.m in Sources */ = {isa = PBXBuildFile; fileRef = B5EDC2FE1C269580002E2833 /* MeNickNameVC.m */; };
		B5EDC3021C2853E3002E2833 /* CreditExchangeInTVC.m in Sources */ = {isa = PBXBuildFile; fileRef = B5EDC3011C2853E3002E2833 /* CreditExchangeInTVC.m */; };
		B5EDC30E1C2BD7D5002E2833 /* CreditExchangeInCell.m in Sources */ = {isa = PBXBuildFile; fileRef = B5EDC30D1C2BD7D5002E2833 /* CreditExchangeInCell.m */; };
		B5EDC3111C2BE25E002E2833 /* CreditExchangeTVC.m in Sources */ = {isa = PBXBuildFile; fileRef = B5EDC3101C2BE25E002E2833 /* CreditExchangeTVC.m */; };
		B5EDC3141C2BE286002E2833 /* CreditExchangeCell.m in Sources */ = {isa = PBXBuildFile; fileRef = B5EDC3131C2BE286002E2833 /* CreditExchangeCell.m */; };
		B5EDC3171C2C24EB002E2833 /* MerchantSelectTVC.m in Sources */ = {isa = PBXBuildFile; fileRef = B5EDC3161C2C24EB002E2833 /* MerchantSelectTVC.m */; };
		B5EDC31A1C2C251F002E2833 /* MerchantSelectCell.m in Sources */ = {isa = PBXBuildFile; fileRef = B5EDC3191C2C251F002E2833 /* MerchantSelectCell.m */; };
		B5EDC31D1C2C3B6B002E2833 /* ActionMerchant.m in Sources */ = {isa = PBXBuildFile; fileRef = B5EDC31C1C2C3B6B002E2833 /* ActionMerchant.m */; };
		B5EDC3201C2D8F85002E2833 /* MerchantNameVC.m in Sources */ = {isa = PBXBuildFile; fileRef = B5EDC31F1C2D8F85002E2833 /* MerchantNameVC.m */; };
		B5EDC3231C2ED516002E2833 /* MerchantEmailVC.m in Sources */ = {isa = PBXBuildFile; fileRef = B5EDC3221C2ED516002E2833 /* MerchantEmailVC.m */; };
		B5EDC3261C2ED53E002E2833 /* MerchantContactNumberVC.m in Sources */ = {isa = PBXBuildFile; fileRef = B5EDC3251C2ED53E002E2833 /* MerchantContactNumberVC.m */; };
		B5EDC3291C2ED556002E2833 /* MerchantAddressVC.m in Sources */ = {isa = PBXBuildFile; fileRef = B5EDC3281C2ED556002E2833 /* MerchantAddressVC.m */; };
		B5EDC32F1C312EC9002E2833 /* MMeExchangeRateVC.m in Sources */ = {isa = PBXBuildFile; fileRef = B5EDC32E1C312EC9002E2833 /* MMeExchangeRateVC.m */; };
		B5EDC3351C314C32002E2833 /* MerchantVerifiedInfoTVC.m in Sources */ = {isa = PBXBuildFile; fileRef = B5EDC3341C314C32002E2833 /* MerchantVerifiedInfoTVC.m */; };
		B5EDC3771C326C9F002E2833 /* ActionBusiness.m in Sources */ = {isa = PBXBuildFile; fileRef = B5EDC3761C326C9F002E2833 /* ActionBusiness.m */; };
		B5EDC37D1C3430BE002E2833 /* ActionFlow.m in Sources */ = {isa = PBXBuildFile; fileRef = B5EDC37C1C3430BE002E2833 /* ActionFlow.m */; };
		B5EDC3981C3921EC002E2833 /* MActivityCell.m in Sources */ = {isa = PBXBuildFile; fileRef = B5EDC3971C3921EC002E2833 /* MActivityCell.m */; };
		B5EDC39B1C3A05CE002E2833 /* MActivityCreateTVC.m in Sources */ = {isa = PBXBuildFile; fileRef = B5EDC39A1C3A05CD002E2833 /* MActivityCreateTVC.m */; };
		B5EDC3A41C3B9BC9002E2833 /* MActivityExpireVC.m in Sources */ = {isa = PBXBuildFile; fileRef = B5EDC3A31C3B9BC9002E2833 /* MActivityExpireVC.m */; };
		B5EDC3A71C3C08FA002E2833 /* MActivityUpdateTVC.m in Sources */ = {isa = PBXBuildFile; fileRef = B5EDC3A61C3C08FA002E2833 /* MActivityUpdateTVC.m */; };
/* End PBXBuildFile section */

/* Begin PBXFileReference section */
		06E1593861243261B9CF8DAE /* Pods.debug.xcconfig */ = {isa = PBXFileReference; includeInIndex = 1; lastKnownFileType = text.xcconfig; name = Pods.debug.xcconfig; path = "Pods/Target Support Files/Pods/Pods.debug.xcconfig"; sourceTree = "<group>"; };
		0E77514A77D3C896A8E7F09D /* libPods.a */ = {isa = PBXFileReference; explicitFileType = archive.ar; includeInIndex = 0; path = libPods.a; sourceTree = BUILT_PRODUCTS_DIR; };
		19339AD01C23DC6100791A9E /* CreateMerchantTVC.h */ = {isa = PBXFileReference; fileEncoding = 4; lastKnownFileType = sourcecode.c.h; path = CreateMerchantTVC.h; sourceTree = "<group>"; };
		19339AD11C23DC6100791A9E /* CreateMerchantTVC.m */ = {isa = PBXFileReference; fileEncoding = 4; lastKnownFileType = sourcecode.c.objc; path = CreateMerchantTVC.m; sourceTree = "<group>"; };
		19339AD41C23DEF800791A9E /* ActionMMaterial.h */ = {isa = PBXFileReference; fileEncoding = 4; lastKnownFileType = sourcecode.c.h; name = ActionMMaterial.h; path = Merchant/Tab3/Model/ActionMMaterial.h; sourceTree = "<group>"; };
		19339AD51C23DEF800791A9E /* ActionMMaterial.m */ = {isa = PBXFileReference; fileEncoding = 4; lastKnownFileType = sourcecode.c.objc; name = ActionMMaterial.m; path = Merchant/Tab3/Model/ActionMMaterial.m; sourceTree = "<group>"; };
		19339AD71C23E4C000791A9E /* AwardManagerController.h */ = {isa = PBXFileReference; fileEncoding = 4; lastKnownFileType = sourcecode.c.h; name = AwardManagerController.h; path = Merchant/Tab1/AwardManagerController.h; sourceTree = "<group>"; };
		19339AD81C23E4C000791A9E /* AwardManagerController.m */ = {isa = PBXFileReference; fileEncoding = 4; lastKnownFileType = sourcecode.c.objc; name = AwardManagerController.m; path = Merchant/Tab1/AwardManagerController.m; sourceTree = "<group>"; };
		19339ADA1C23E74F00791A9E /* MMaterialManager.h */ = {isa = PBXFileReference; fileEncoding = 4; lastKnownFileType = sourcecode.c.h; name = MMaterialManager.h; path = Account/MMaterialManager.h; sourceTree = "<group>"; };
		19339ADB1C23E74F00791A9E /* MMaterialManager.m */ = {isa = PBXFileReference; fileEncoding = 4; lastKnownFileType = sourcecode.c.objc; name = MMaterialManager.m; path = Account/MMaterialManager.m; sourceTree = "<group>"; };
		19339ADD1C23E86F00791A9E /* MyAwardController.h */ = {isa = PBXFileReference; fileEncoding = 4; lastKnownFileType = sourcecode.c.h; path = MyAwardController.h; sourceTree = "<group>"; };
		19339ADE1C23E86F00791A9E /* MyAwardController.m */ = {isa = PBXFileReference; fileEncoding = 4; lastKnownFileType = sourcecode.c.objc; path = MyAwardController.m; sourceTree = "<group>"; };
		19339AE01C257F1200791A9E /* MMaterialTVC.h */ = {isa = PBXFileReference; fileEncoding = 4; lastKnownFileType = sourcecode.c.h; name = MMaterialTVC.h; path = Merchant/Tab3/MMaterialTVC.h; sourceTree = "<group>"; };
		19339AE11C257F1200791A9E /* MMaterialTVC.m */ = {isa = PBXFileReference; fileEncoding = 4; lastKnownFileType = sourcecode.c.objc; name = MMaterialTVC.m; path = Merchant/Tab3/MMaterialTVC.m; sourceTree = "<group>"; };
		19339AE31C258AB500791A9E /* MMeTVC.h */ = {isa = PBXFileReference; fileEncoding = 4; lastKnownFileType = sourcecode.c.h; name = MMeTVC.h; path = Merchant/Tab3/MMeTVC.h; sourceTree = "<group>"; };
		19339AE41C258AB500791A9E /* MMeTVC.m */ = {isa = PBXFileReference; fileEncoding = 4; lastKnownFileType = sourcecode.c.objc; name = MMeTVC.m; path = Merchant/Tab3/MMeTVC.m; sourceTree = "<group>"; };
		19339AE91C26773400791A9E /* ScanMerchantController.h */ = {isa = PBXFileReference; fileEncoding = 4; lastKnownFileType = sourcecode.c.h; path = ScanMerchantController.h; sourceTree = "<group>"; };
		19339AEA1C26773400791A9E /* ScanMerchantController.m */ = {isa = PBXFileReference; fileEncoding = 4; lastKnownFileType = sourcecode.c.objc; path = ScanMerchantController.m; sourceTree = "<group>"; };
		19339AEC1C26782D00791A9E /* ApplyCreditTVC.h */ = {isa = PBXFileReference; fileEncoding = 4; lastKnownFileType = sourcecode.c.h; path = ApplyCreditTVC.h; sourceTree = "<group>"; };
		19339AED1C26782D00791A9E /* ApplyCreditTVC.m */ = {isa = PBXFileReference; fileEncoding = 4; lastKnownFileType = sourcecode.c.objc; path = ApplyCreditTVC.m; sourceTree = "<group>"; };
		19339AEF1C269BD500791A9E /* MyOneAwardTVC.h */ = {isa = PBXFileReference; fileEncoding = 4; lastKnownFileType = sourcecode.c.h; path = MyOneAwardTVC.h; sourceTree = "<group>"; };
		19339AF01C269BD500791A9E /* MyOneAwardTVC.m */ = {isa = PBXFileReference; fileEncoding = 4; lastKnownFileType = sourcecode.c.objc; path = MyOneAwardTVC.m; sourceTree = "<group>"; };
		19339AF21C269D0400791A9E /* MyOneAwardCell.h */ = {isa = PBXFileReference; fileEncoding = 4; lastKnownFileType = sourcecode.c.h; path = MyOneAwardCell.h; sourceTree = "<group>"; };
		19339AF31C269D0400791A9E /* MyOneAwardCell.m */ = {isa = PBXFileReference; fileEncoding = 4; lastKnownFileType = sourcecode.c.objc; path = MyOneAwardCell.m; sourceTree = "<group>"; };
		19339AF61C2930E800791A9E /* Calculus.pch */ = {isa = PBXFileReference; lastKnownFileType = sourcecode.c.h; path = Calculus.pch; sourceTree = "<group>"; };
		19339AF71C29403400791A9E /* MAwardDerivateCVC.h */ = {isa = PBXFileReference; fileEncoding = 4; lastKnownFileType = sourcecode.c.h; name = MAwardDerivateCVC.h; path = Merchant/Tab1/MAwardDerivateCVC.h; sourceTree = "<group>"; };
		19339AF81C29403400791A9E /* MAwardDerivateCVC.m */ = {isa = PBXFileReference; fileEncoding = 4; lastKnownFileType = sourcecode.c.objc; name = MAwardDerivateCVC.m; path = Merchant/Tab1/MAwardDerivateCVC.m; sourceTree = "<group>"; };
		19339AFA1C29407900791A9E /* MAwardDerivateCell.h */ = {isa = PBXFileReference; fileEncoding = 4; lastKnownFileType = sourcecode.c.h; name = MAwardDerivateCell.h; path = Merchant/Tab1/MAwardDerivateCell.h; sourceTree = "<group>"; };
		19339AFB1C29407900791A9E /* MAwardDerivateCell.m */ = {isa = PBXFileReference; fileEncoding = 4; lastKnownFileType = sourcecode.c.objc; name = MAwardDerivateCell.m; path = Merchant/Tab1/MAwardDerivateCell.m; sourceTree = "<group>"; };
		19339AFD1C2950BD00791A9E /* MAwardApplyTVC.h */ = {isa = PBXFileReference; fileEncoding = 4; lastKnownFileType = sourcecode.c.h; name = MAwardApplyTVC.h; path = Merchant/Tab1/MAwardApplyTVC.h; sourceTree = "<group>"; };
		19339AFE1C2950BD00791A9E /* MAwardApplyTVC.m */ = {isa = PBXFileReference; fileEncoding = 4; lastKnownFileType = sourcecode.c.objc; name = MAwardApplyTVC.m; path = Merchant/Tab1/MAwardApplyTVC.m; sourceTree = "<group>"; };
		19339B001C2950FA00791A9E /* MAwardApplyCell.h */ = {isa = PBXFileReference; fileEncoding = 4; lastKnownFileType = sourcecode.c.h; name = MAwardApplyCell.h; path = Merchant/Tab1/MAwardApplyCell.h; sourceTree = "<group>"; };
		19339B011C2950FA00791A9E /* MAwardApplyCell.m */ = {isa = PBXFileReference; fileEncoding = 4; lastKnownFileType = sourcecode.c.objc; name = MAwardApplyCell.m; path = Merchant/Tab1/MAwardApplyCell.m; sourceTree = "<group>"; };
		19339B041C2954C000791A9E /* ActionMCredit.h */ = {isa = PBXFileReference; fileEncoding = 4; lastKnownFileType = sourcecode.c.h; name = ActionMCredit.h; path = Merchant/Tab1/Model/ActionMCredit.h; sourceTree = "<group>"; };
		19339B051C2954C000791A9E /* ActionMCredit.m */ = {isa = PBXFileReference; fileEncoding = 4; lastKnownFileType = sourcecode.c.objc; name = ActionMCredit.m; path = Merchant/Tab1/Model/ActionMCredit.m; sourceTree = "<group>"; };
		19339B071C2ABDFF00791A9E /* ConsumerAwardTVC.h */ = {isa = PBXFileReference; fileEncoding = 4; lastKnownFileType = sourcecode.c.h; name = ConsumerAwardTVC.h; path = Merchant/Tab1/ConsumerAwardTVC.h; sourceTree = "<group>"; };
		19339B081C2ABDFF00791A9E /* ConsumerAwardTVC.m */ = {isa = PBXFileReference; fileEncoding = 4; lastKnownFileType = sourcecode.c.objc; name = ConsumerAwardTVC.m; path = Merchant/Tab1/ConsumerAwardTVC.m; sourceTree = "<group>"; };
		19339B0A1C2ABEA000791A9E /* ConsumerAwardCell.h */ = {isa = PBXFileReference; fileEncoding = 4; lastKnownFileType = sourcecode.c.h; name = ConsumerAwardCell.h; path = Merchant/Tab1/ConsumerAwardCell.h; sourceTree = "<group>"; };
		19339B0B1C2ABEA000791A9E /* ConsumerAwardCell.m */ = {isa = PBXFileReference; fileEncoding = 4; lastKnownFileType = sourcecode.c.objc; name = ConsumerAwardCell.m; path = Merchant/Tab1/ConsumerAwardCell.m; sourceTree = "<group>"; };
		19339B0D1C2C340900791A9E /* COneAwardCell.h */ = {isa = PBXFileReference; fileEncoding = 4; lastKnownFileType = sourcecode.c.h; name = COneAwardCell.h; path = Merchant/Tab1/COneAwardCell.h; sourceTree = "<group>"; };
		19339B0E1C2C340900791A9E /* COneAwardCell.m */ = {isa = PBXFileReference; fileEncoding = 4; lastKnownFileType = sourcecode.c.objc; name = COneAwardCell.m; path = Merchant/Tab1/COneAwardCell.m; sourceTree = "<group>"; };
		19339B101C2C343700791A9E /* COneAwardTVC.h */ = {isa = PBXFileReference; fileEncoding = 4; lastKnownFileType = sourcecode.c.h; name = COneAwardTVC.h; path = Merchant/Tab1/COneAwardTVC.h; sourceTree = "<group>"; };
		19339B111C2C343700791A9E /* COneAwardTVC.m */ = {isa = PBXFileReference; fileEncoding = 4; lastKnownFileType = sourcecode.c.objc; name = COneAwardTVC.m; path = Merchant/Tab1/COneAwardTVC.m; sourceTree = "<group>"; };
		19339B191C3013F800791A9E /* InterchangeController.h */ = {isa = PBXFileReference; fileEncoding = 4; lastKnownFileType = sourcecode.c.h; path = InterchangeController.h; sourceTree = "<group>"; };
		19339B1A1C3013F800791A9E /* InterchangeController.m */ = {isa = PBXFileReference; fileEncoding = 4; lastKnownFileType = sourcecode.c.objc; path = InterchangeController.m; sourceTree = "<group>"; };
		193C371A1C1B0D800017CC9C /* AccountController.h */ = {isa = PBXFileReference; fileEncoding = 4; lastKnownFileType = sourcecode.c.h; name = AccountController.h; path = Account/AccountController.h; sourceTree = "<group>"; };
		193C371B1C1B0D800017CC9C /* AccountController.m */ = {isa = PBXFileReference; fileEncoding = 4; lastKnownFileType = sourcecode.c.objc; name = AccountController.m; path = Account/AccountController.m; sourceTree = "<group>"; };
		193C371E1C1B12270017CC9C /* Account.storyboard */ = {isa = PBXFileReference; fileEncoding = 4; lastKnownFileType = file.storyboard; name = Account.storyboard; path = Account/Account.storyboard; sourceTree = "<group>"; };
		193C37201C1B16C60017CC9C /* ActionAccount.h */ = {isa = PBXFileReference; fileEncoding = 4; lastKnownFileType = sourcecode.c.h; name = ActionAccount.h; path = Account/Model/ActionAccount.h; sourceTree = "<group>"; };
		193C37211C1B16C60017CC9C /* ActionAccount.m */ = {isa = PBXFileReference; fileEncoding = 4; lastKnownFileType = sourcecode.c.objc; name = ActionAccount.m; path = Account/Model/ActionAccount.m; sourceTree = "<group>"; };
		193C375F1C1BE2B70017CC9C /* ActionCredit.h */ = {isa = PBXFileReference; fileEncoding = 4; lastKnownFileType = sourcecode.c.h; path = ActionCredit.h; sourceTree = "<group>"; };
		193C37601C1BE2B70017CC9C /* ActionCredit.m */ = {isa = PBXFileReference; fileEncoding = 4; lastKnownFileType = sourcecode.c.objc; path = ActionCredit.m; sourceTree = "<group>"; };
		193C37611C1BE2B70017CC9C /* MyAwardCell.h */ = {isa = PBXFileReference; fileEncoding = 4; lastKnownFileType = sourcecode.c.h; path = MyAwardCell.h; sourceTree = "<group>"; };
		193C37621C1BE2B70017CC9C /* MyAwardCell.m */ = {isa = PBXFileReference; fileEncoding = 4; lastKnownFileType = sourcecode.c.objc; path = MyAwardCell.m; sourceTree = "<group>"; };
		193C37651C1BE2B70017CC9C /* MyAwardTVC.h */ = {isa = PBXFileReference; fileEncoding = 4; lastKnownFileType = sourcecode.c.h; path = MyAwardTVC.h; sourceTree = "<group>"; };
		193C37661C1BE2B70017CC9C /* MyAwardTVC.m */ = {isa = PBXFileReference; fileEncoding = 4; lastKnownFileType = sourcecode.c.objc; path = MyAwardTVC.m; sourceTree = "<group>"; };
		193C37691C1BE2B70017CC9C /* MeController.h */ = {isa = PBXFileReference; fileEncoding = 4; lastKnownFileType = sourcecode.c.h; path = MeController.h; sourceTree = "<group>"; };
		193C376A1C1BE2B70017CC9C /* MeController.m */ = {isa = PBXFileReference; fileEncoding = 4; lastKnownFileType = sourcecode.c.objc; path = MeController.m; sourceTree = "<group>"; };
		193C376B1C1BE2B70017CC9C /* MeNavigationController.h */ = {isa = PBXFileReference; fileEncoding = 4; lastKnownFileType = sourcecode.c.h; path = MeNavigationController.h; sourceTree = "<group>"; };
		193C376C1C1BE2B70017CC9C /* MeNavigationController.m */ = {isa = PBXFileReference; fileEncoding = 4; lastKnownFileType = sourcecode.c.objc; path = MeNavigationController.m; sourceTree = "<group>"; };
		193C376D1C1BE2B70017CC9C /* MeTVC.h */ = {isa = PBXFileReference; fileEncoding = 4; lastKnownFileType = sourcecode.c.h; path = MeTVC.h; sourceTree = "<group>"; };
		193C376E1C1BE2B70017CC9C /* MeTVC.m */ = {isa = PBXFileReference; fileEncoding = 4; lastKnownFileType = sourcecode.c.objc; path = MeTVC.m; sourceTree = "<group>"; };
		193C37791C1BE3EA0017CC9C /* Base */ = {isa = PBXFileReference; lastKnownFileType = file.storyboard; name = Base; path = Base.lproj/Bootstrap.storyboard; sourceTree = "<group>"; };
		193C37821C1BE8510017CC9C /* BootstrapController.h */ = {isa = PBXFileReference; fileEncoding = 4; lastKnownFileType = sourcecode.c.h; path = BootstrapController.h; sourceTree = "<group>"; };
		193C37831C1BE8510017CC9C /* BootstrapController.m */ = {isa = PBXFileReference; fileEncoding = 4; lastKnownFileType = sourcecode.c.objc; path = BootstrapController.m; sourceTree = "<group>"; };
		193C37851C1BE8B40017CC9C /* MerchantMain.h */ = {isa = PBXFileReference; fileEncoding = 4; lastKnownFileType = sourcecode.c.h; name = MerchantMain.h; path = Merchant/MerchantMain.h; sourceTree = "<group>"; };
		193C37861C1BE8B40017CC9C /* MerchantMain.m */ = {isa = PBXFileReference; fileEncoding = 4; lastKnownFileType = sourcecode.c.objc; name = MerchantMain.m; path = Merchant/MerchantMain.m; sourceTree = "<group>"; };
		193C37891C1BE9CA0017CC9C /* Base */ = {isa = PBXFileReference; lastKnownFileType = file.storyboard; name = Base; path = Base.lproj/Merchant.storyboard; sourceTree = "<group>"; };
		193C378B1C1BED3C0017CC9C /* SettingTVC.h */ = {isa = PBXFileReference; fileEncoding = 4; lastKnownFileType = sourcecode.c.h; path = SettingTVC.h; sourceTree = "<group>"; };
		193C378C1C1BED3C0017CC9C /* SettingTVC.m */ = {isa = PBXFileReference; fileEncoding = 4; lastKnownFileType = sourcecode.c.objc; path = SettingTVC.m; sourceTree = "<group>"; };
		193C37921C1BFF560017CC9C /* MMe.storyboard */ = {isa = PBXFileReference; fileEncoding = 4; lastKnownFileType = file.storyboard; name = MMe.storyboard; path = Merchant/Tab3/MMe.storyboard; sourceTree = "<group>"; };
		193C37971C1C0B7A0017CC9C /* MMeNavigationController.h */ = {isa = PBXFileReference; fileEncoding = 4; lastKnownFileType = sourcecode.c.h; name = MMeNavigationController.h; path = Merchant/Tab3/MMeNavigationController.h; sourceTree = "<group>"; };
		193C37981C1C0B7A0017CC9C /* MMeNavigationController.m */ = {isa = PBXFileReference; fileEncoding = 4; lastKnownFileType = sourcecode.c.objc; name = MMeNavigationController.m; path = Merchant/Tab3/MMeNavigationController.m; sourceTree = "<group>"; };
		193C379D1C1C0BD70017CC9C /* MMeController.h */ = {isa = PBXFileReference; fileEncoding = 4; lastKnownFileType = sourcecode.c.h; name = MMeController.h; path = Merchant/Tab3/MMeController.h; sourceTree = "<group>"; };
		193C379E1C1C0BD70017CC9C /* MMeController.m */ = {isa = PBXFileReference; fileEncoding = 4; lastKnownFileType = sourcecode.c.objc; name = MMeController.m; path = Merchant/Tab3/MMeController.m; sourceTree = "<group>"; };
		193C37A01C1C0DE20017CC9C /* MSettingTVC.h */ = {isa = PBXFileReference; fileEncoding = 4; lastKnownFileType = sourcecode.c.h; name = MSettingTVC.h; path = Merchant/Tab3/MSettingTVC.h; sourceTree = "<group>"; };
		193C37A11C1C0DE20017CC9C /* MSettingTVC.m */ = {isa = PBXFileReference; fileEncoding = 4; lastKnownFileType = sourcecode.c.objc; name = MSettingTVC.m; path = Merchant/Tab3/MSettingTVC.m; sourceTree = "<group>"; };
		193C37A31C1C17870017CC9C /* AwardDerivateCVC.h */ = {isa = PBXFileReference; fileEncoding = 4; lastKnownFileType = sourcecode.c.h; path = AwardDerivateCVC.h; sourceTree = "<group>"; };
		193C37A41C1C17870017CC9C /* AwardDerivateCVC.m */ = {isa = PBXFileReference; fileEncoding = 4; lastKnownFileType = sourcecode.c.objc; path = AwardDerivateCVC.m; sourceTree = "<group>"; };
		193C37A61C1C19240017CC9C /* AwardDerivateCell.h */ = {isa = PBXFileReference; fileEncoding = 4; lastKnownFileType = sourcecode.c.h; path = AwardDerivateCell.h; sourceTree = "<group>"; };
		193C37A71C1C19240017CC9C /* AwardDerivateCell.m */ = {isa = PBXFileReference; fileEncoding = 4; lastKnownFileType = sourcecode.c.objc; path = AwardDerivateCell.m; sourceTree = "<group>"; };
		193C37AA1C1C23460017CC9C /* Base */ = {isa = PBXFileReference; lastKnownFileType = file.storyboard; name = Base; path = Calculus/Base.lproj/Discount.storyboard; sourceTree = SOURCE_ROOT; };
		193C37AC1C1C23D90017CC9C /* DiscountNavigationController.h */ = {isa = PBXFileReference; fileEncoding = 4; lastKnownFileType = sourcecode.c.h; path = DiscountNavigationController.h; sourceTree = "<group>"; };
		193C37AD1C1C23D90017CC9C /* DiscountNavigationController.m */ = {isa = PBXFileReference; fileEncoding = 4; lastKnownFileType = sourcecode.c.objc; path = DiscountNavigationController.m; sourceTree = "<group>"; };
		193C37AF1C1C24170017CC9C /* DiscountTVC.h */ = {isa = PBXFileReference; fileEncoding = 4; lastKnownFileType = sourcecode.c.h; path = DiscountTVC.h; sourceTree = "<group>"; };
		193C37B01C1C24170017CC9C /* DiscountTVC.m */ = {isa = PBXFileReference; fileEncoding = 4; lastKnownFileType = sourcecode.c.objc; path = DiscountTVC.m; sourceTree = "<group>"; };
		193C37B21C1C254C0017CC9C /* DiscountCell.h */ = {isa = PBXFileReference; fileEncoding = 4; lastKnownFileType = sourcecode.c.h; path = DiscountCell.h; sourceTree = "<group>"; };
		193C37B31C1C254C0017CC9C /* DiscountCell.m */ = {isa = PBXFileReference; fileEncoding = 4; lastKnownFileType = sourcecode.c.objc; path = DiscountCell.m; sourceTree = "<group>"; };
		193C37E31C1D4A070017CC9C /* RoleManager.h */ = {isa = PBXFileReference; fileEncoding = 4; lastKnownFileType = sourcecode.c.h; path = RoleManager.h; sourceTree = "<group>"; };
		193C37E41C1D4A070017CC9C /* RoleManager.m */ = {isa = PBXFileReference; fileEncoding = 4; lastKnownFileType = sourcecode.c.objc; path = RoleManager.m; sourceTree = "<group>"; };
		193C38061C1D90500017CC9C /* MaterialTVC.h */ = {isa = PBXFileReference; fileEncoding = 4; lastKnownFileType = sourcecode.c.h; path = MaterialTVC.h; sourceTree = "<group>"; };
		193C38071C1D90500017CC9C /* MaterialTVC.m */ = {isa = PBXFileReference; fileEncoding = 4; lastKnownFileType = sourcecode.c.objc; path = MaterialTVC.m; sourceTree = "<group>"; };
		193C380A1C1D94DE0017CC9C /* MKMapView+MapViewUtil.h */ = {isa = PBXFileReference; fileEncoding = 4; lastKnownFileType = sourcecode.c.h; path = "MKMapView+MapViewUtil.h"; sourceTree = "<group>"; };
		193C380B1C1D94DE0017CC9C /* MKMapView+MapViewUtil.m */ = {isa = PBXFileReference; fileEncoding = 4; lastKnownFileType = sourcecode.c.objc; path = "MKMapView+MapViewUtil.m"; sourceTree = "<group>"; };
		193C380C1C1D94DE0017CC9C /* NSDate+Helpers.h */ = {isa = PBXFileReference; fileEncoding = 4; lastKnownFileType = sourcecode.c.h; path = "NSDate+Helpers.h"; sourceTree = "<group>"; };
		193C380D1C1D94DE0017CC9C /* NSDate+Helpers.m */ = {isa = PBXFileReference; fileEncoding = 4; lastKnownFileType = sourcecode.c.objc; path = "NSDate+Helpers.m"; sourceTree = "<group>"; };
		193C380E1C1D94DE0017CC9C /* NSString+Md5.h */ = {isa = PBXFileReference; fileEncoding = 4; lastKnownFileType = sourcecode.c.h; path = "NSString+Md5.h"; sourceTree = "<group>"; };
		193C380F1C1D94DE0017CC9C /* NSString+Md5.m */ = {isa = PBXFileReference; fileEncoding = 4; lastKnownFileType = sourcecode.c.objc; path = "NSString+Md5.m"; sourceTree = "<group>"; };
		193C38101C1D94DE0017CC9C /* UIColor+Extension.h */ = {isa = PBXFileReference; fileEncoding = 4; lastKnownFileType = sourcecode.c.h; path = "UIColor+Extension.h"; sourceTree = "<group>"; };
		193C38111C1D94DE0017CC9C /* UIColor+Extension.m */ = {isa = PBXFileReference; fileEncoding = 4; lastKnownFileType = sourcecode.c.objc; path = "UIColor+Extension.m"; sourceTree = "<group>"; };
		193C38121C1D94DE0017CC9C /* UIImage+FixOrientation.h */ = {isa = PBXFileReference; fileEncoding = 4; lastKnownFileType = sourcecode.c.h; path = "UIImage+FixOrientation.h"; sourceTree = "<group>"; };
		193C38131C1D94DE0017CC9C /* UIImage+FixOrientation.m */ = {isa = PBXFileReference; fileEncoding = 4; lastKnownFileType = sourcecode.c.objc; path = "UIImage+FixOrientation.m"; sourceTree = "<group>"; };
		193C38141C1D94DE0017CC9C /* UITableView+FDTemplateLayoutCell.h */ = {isa = PBXFileReference; fileEncoding = 4; lastKnownFileType = sourcecode.c.h; path = "UITableView+FDTemplateLayoutCell.h"; sourceTree = "<group>"; };
		193C38151C1D94DE0017CC9C /* UITableView+FDTemplateLayoutCell.m */ = {isa = PBXFileReference; fileEncoding = 4; lastKnownFileType = sourcecode.c.objc; path = "UITableView+FDTemplateLayoutCell.m"; sourceTree = "<group>"; };
		193C38171C1D94DE0017CC9C /* NetCommunication.h */ = {isa = PBXFileReference; fileEncoding = 4; lastKnownFileType = sourcecode.c.h; path = NetCommunication.h; sourceTree = "<group>"; };
		193C38181C1D94DE0017CC9C /* NetCommunication.m */ = {isa = PBXFileReference; fileEncoding = 4; lastKnownFileType = sourcecode.c.objc; path = NetCommunication.m; sourceTree = "<group>"; };
		193C381A1C1D94DE0017CC9C /* Album.storyboard */ = {isa = PBXFileReference; fileEncoding = 4; lastKnownFileType = file.storyboard; path = Album.storyboard; sourceTree = "<group>"; };
		193C381B1C1D94DE0017CC9C /* AlbumTestController.h */ = {isa = PBXFileReference; fileEncoding = 4; lastKnownFileType = sourcecode.c.h; path = AlbumTestController.h; sourceTree = "<group>"; };
		193C381C1C1D94DE0017CC9C /* AlbumTestController.m */ = {isa = PBXFileReference; fileEncoding = 4; lastKnownFileType = sourcecode.c.objc; path = AlbumTestController.m; sourceTree = "<group>"; };
		193C381D1C1D94DE0017CC9C /* CircleImageCVLayout.h */ = {isa = PBXFileReference; fileEncoding = 4; lastKnownFileType = sourcecode.c.h; path = CircleImageCVLayout.h; sourceTree = "<group>"; };
		193C381E1C1D94DE0017CC9C /* CircleImageCVLayout.m */ = {isa = PBXFileReference; fileEncoding = 4; lastKnownFileType = sourcecode.c.objc; path = CircleImageCVLayout.m; sourceTree = "<group>"; };
		193C381F1C1D94DE0017CC9C /* ImageCheckableCell.h */ = {isa = PBXFileReference; fileEncoding = 4; lastKnownFileType = sourcecode.c.h; path = ImageCheckableCell.h; sourceTree = "<group>"; };
		193C38201C1D94DE0017CC9C /* ImageCheckableCell.m */ = {isa = PBXFileReference; fileEncoding = 4; lastKnownFileType = sourcecode.c.objc; path = ImageCheckableCell.m; sourceTree = "<group>"; };
		193C38211C1D94DE0017CC9C /* ImageFullscreenSVC.h */ = {isa = PBXFileReference; fileEncoding = 4; lastKnownFileType = sourcecode.c.h; path = ImageFullscreenSVC.h; sourceTree = "<group>"; };
		193C38221C1D94DE0017CC9C /* ImageFullscreenSVC.m */ = {isa = PBXFileReference; fileEncoding = 4; lastKnownFileType = sourcecode.c.objc; path = ImageFullscreenSVC.m; sourceTree = "<group>"; };
		193C38231C1D94DE0017CC9C /* ImageListCell.h */ = {isa = PBXFileReference; fileEncoding = 4; lastKnownFileType = sourcecode.c.h; path = ImageListCell.h; sourceTree = "<group>"; };
		193C38241C1D94DE0017CC9C /* ImageListCell.m */ = {isa = PBXFileReference; fileEncoding = 4; lastKnownFileType = sourcecode.c.objc; path = ImageListCell.m; sourceTree = "<group>"; };
		193C38251C1D94DE0017CC9C /* ImageListCVC.h */ = {isa = PBXFileReference; fileEncoding = 4; lastKnownFileType = sourcecode.c.h; path = ImageListCVC.h; sourceTree = "<group>"; };
		193C38261C1D94DE0017CC9C /* ImageListCVC.m */ = {isa = PBXFileReference; fileEncoding = 4; lastKnownFileType = sourcecode.c.objc; path = ImageListCVC.m; sourceTree = "<group>"; };
		193C38271C1D94DE0017CC9C /* PhotoAlbum.h */ = {isa = PBXFileReference; fileEncoding = 4; lastKnownFileType = sourcecode.c.h; path = PhotoAlbum.h; sourceTree = "<group>"; };
		193C38281C1D94DE0017CC9C /* PhotoAlbum.m */ = {isa = PBXFileReference; fileEncoding = 4; lastKnownFileType = sourcecode.c.objc; path = PhotoAlbum.m; sourceTree = "<group>"; };
		193C38391C1D95920017CC9C /* GTMBase64.h */ = {isa = PBXFileReference; fileEncoding = 4; lastKnownFileType = sourcecode.c.h; path = GTMBase64.h; sourceTree = "<group>"; };
		193C383A1C1D95920017CC9C /* GTMBase64.m */ = {isa = PBXFileReference; fileEncoding = 4; lastKnownFileType = sourcecode.c.objc; path = GTMBase64.m; sourceTree = "<group>"; };
		193C383B1C1D95920017CC9C /* GTMDefines.h */ = {isa = PBXFileReference; fileEncoding = 4; lastKnownFileType = sourcecode.c.h; path = GTMDefines.h; sourceTree = "<group>"; };
		193C383D1C1D95920017CC9C /* ClickableImageView.h */ = {isa = PBXFileReference; fileEncoding = 4; lastKnownFileType = sourcecode.c.h; path = ClickableImageView.h; sourceTree = "<group>"; };
		193C383E1C1D95920017CC9C /* ClickableImageView.m */ = {isa = PBXFileReference; fileEncoding = 4; lastKnownFileType = sourcecode.c.objc; path = ClickableImageView.m; sourceTree = "<group>"; };
		193C383F1C1D95920017CC9C /* ClickableStackView.h */ = {isa = PBXFileReference; fileEncoding = 4; lastKnownFileType = sourcecode.c.h; path = ClickableStackView.h; sourceTree = "<group>"; };
		193C38401C1D95920017CC9C /* ClickableStackView.m */ = {isa = PBXFileReference; fileEncoding = 4; lastKnownFileType = sourcecode.c.objc; path = ClickableStackView.m; sourceTree = "<group>"; };
		193C38441C1EEDF30017CC9C /* SyncHttp.h */ = {isa = PBXFileReference; fileEncoding = 4; lastKnownFileType = sourcecode.c.h; path = SyncHttp.h; sourceTree = "<group>"; };
		193C38451C1EEDF30017CC9C /* SyncHttp.m */ = {isa = PBXFileReference; fileEncoding = 4; lastKnownFileType = sourcecode.c.objc; path = SyncHttp.m; sourceTree = "<group>"; };
		1942C3671BE89F6700C2DCF4 /* Calculus.app */ = {isa = PBXFileReference; explicitFileType = wrapper.application; includeInIndex = 0; path = Calculus.app; sourceTree = BUILT_PRODUCTS_DIR; };
		1942C36B1BE89F6700C2DCF4 /* main.m */ = {isa = PBXFileReference; lastKnownFileType = sourcecode.c.objc; path = main.m; sourceTree = "<group>"; };
		1942C36D1BE89F6700C2DCF4 /* AppDelegate.h */ = {isa = PBXFileReference; lastKnownFileType = sourcecode.c.h; path = AppDelegate.h; sourceTree = "<group>"; };
		1942C36E1BE89F6700C2DCF4 /* AppDelegate.m */ = {isa = PBXFileReference; lastKnownFileType = sourcecode.c.objc; path = AppDelegate.m; sourceTree = "<group>"; };
		1942C3741BE89F6700C2DCF4 /* Base */ = {isa = PBXFileReference; lastKnownFileType = file.storyboard; name = Base; path = Base.lproj/Consumer.storyboard; sourceTree = "<group>"; };
		1942C3761BE89F6700C2DCF4 /* Assets.xcassets */ = {isa = PBXFileReference; lastKnownFileType = folder.assetcatalog; path = Assets.xcassets; sourceTree = "<group>"; };
		1942C3791BE89F6700C2DCF4 /* Base */ = {isa = PBXFileReference; lastKnownFileType = file.storyboard; name = Base; path = Base.lproj/LaunchScreen.storyboard; sourceTree = "<group>"; };
		1942C37B1BE89F6700C2DCF4 /* Info.plist */ = {isa = PBXFileReference; lastKnownFileType = text.plist.xml; path = Info.plist; sourceTree = "<group>"; };
		1961F6F01C19C54A000928D3 /* Constance.h */ = {isa = PBXFileReference; lastKnownFileType = sourcecode.c.h; path = Constance.h; sourceTree = "<group>"; };
		19CAA8D71C354D2F00010F68 /* MActivity.storyboard */ = {isa = PBXFileReference; fileEncoding = 4; lastKnownFileType = file.storyboard; name = MActivity.storyboard; path = Merchant/Tab2/MActivity.storyboard; sourceTree = "<group>"; };
		19CAA8D91C354D9300010F68 /* MActivityNavigationController.h */ = {isa = PBXFileReference; fileEncoding = 4; lastKnownFileType = sourcecode.c.h; name = MActivityNavigationController.h; path = Merchant/Tab2/MActivityNavigationController.h; sourceTree = "<group>"; };
		19CAA8DA1C354D9300010F68 /* MActivityNavigationController.m */ = {isa = PBXFileReference; fileEncoding = 4; lastKnownFileType = sourcecode.c.objc; name = MActivityNavigationController.m; path = Merchant/Tab2/MActivityNavigationController.m; sourceTree = "<group>"; };
		19CAA8DC1C354E1B00010F68 /* ActionMActivity.h */ = {isa = PBXFileReference; fileEncoding = 4; lastKnownFileType = sourcecode.c.h; name = ActionMActivity.h; path = Merchant/Tab2/Model/ActionMActivity.h; sourceTree = "<group>"; };
		19CAA8DD1C354E1B00010F68 /* ActionMActivity.m */ = {isa = PBXFileReference; fileEncoding = 4; lastKnownFileType = sourcecode.c.objc; name = ActionMActivity.m; path = Merchant/Tab2/Model/ActionMActivity.m; sourceTree = "<group>"; };
		19CAA8E01C354E5200010F68 /* MActivityTVC.h */ = {isa = PBXFileReference; fileEncoding = 4; lastKnownFileType = sourcecode.c.h; name = MActivityTVC.h; path = Merchant/Tab2/MActivityTVC.h; sourceTree = "<group>"; };
		19CAA8E11C354E5200010F68 /* MActivityTVC.m */ = {isa = PBXFileReference; fileEncoding = 4; lastKnownFileType = sourcecode.c.objc; name = MActivityTVC.m; path = Merchant/Tab2/MActivityTVC.m; sourceTree = "<group>"; };
		19CBBBF61C21A62F002A920E /* MaterialManager.h */ = {isa = PBXFileReference; fileEncoding = 4; lastKnownFileType = sourcecode.c.h; name = MaterialManager.h; path = Account/MaterialManager.h; sourceTree = "<group>"; };
		19CBBBF71C21A62F002A920E /* MaterialManager.m */ = {isa = PBXFileReference; fileEncoding = 4; lastKnownFileType = sourcecode.c.objc; name = MaterialManager.m; path = Account/MaterialManager.m; sourceTree = "<group>"; };
		19CBBBFA1C21B4EC002A920E /* ActionMaterial.h */ = {isa = PBXFileReference; fileEncoding = 4; lastKnownFileType = sourcecode.c.h; name = ActionMaterial.h; path = Model/ActionMaterial.h; sourceTree = "<group>"; };
		19CBBBFB1C21B4EC002A920E /* ActionMaterial.m */ = {isa = PBXFileReference; fileEncoding = 4; lastKnownFileType = sourcecode.c.objc; name = ActionMaterial.m; path = Model/ActionMaterial.m; sourceTree = "<group>"; };
		19CBBBFD1C21BE13002A920E /* libz.tbd */ = {isa = PBXFileReference; lastKnownFileType = "sourcecode.text-based-dylib-definition"; name = libz.tbd; path = usr/lib/libz.tbd; sourceTree = SDKROOT; };
		19CBBC031C228D16002A920E /* ActionQiniu.h */ = {isa = PBXFileReference; fileEncoding = 4; lastKnownFileType = sourcecode.c.h; name = ActionQiniu.h; path = Model/ActionQiniu.h; sourceTree = "<group>"; };
		19CBBC041C228D16002A920E /* ActionQiniu.m */ = {isa = PBXFileReference; fileEncoding = 4; lastKnownFileType = sourcecode.c.objc; name = ActionQiniu.m; path = Model/ActionQiniu.m; sourceTree = "<group>"; };
		19ED4C8C1C1AA77F00FE4341 /* Base */ = {isa = PBXFileReference; lastKnownFileType = file.storyboard; name = Base; path = Base.lproj/Me.storyboard; sourceTree = "<group>"; };
		19FC0FBF1C1F1E89008157E3 /* SKeyManager.h */ = {isa = PBXFileReference; fileEncoding = 4; lastKnownFileType = sourcecode.c.h; name = SKeyManager.h; path = Account/SKeyManager.h; sourceTree = "<group>"; };
		19FC0FC01C1F1E89008157E3 /* SKeyManager.m */ = {isa = PBXFileReference; fileEncoding = 4; lastKnownFileType = sourcecode.c.objc; name = SKeyManager.m; path = Account/SKeyManager.m; sourceTree = "<group>"; };
		B51C0B031C1DB530006F344F /* AccountRegisterController.h */ = {isa = PBXFileReference; fileEncoding = 4; lastKnownFileType = sourcecode.c.h; path = AccountRegisterController.h; sourceTree = "<group>"; };
		B51C0B041C1DB530006F344F /* AccountRegisterController.m */ = {isa = PBXFileReference; fileEncoding = 4; lastKnownFileType = sourcecode.c.objc; path = AccountRegisterController.m; sourceTree = "<group>"; };
		B51C0B061C1F0F85006F344F /* AccountResetPassword.h */ = {isa = PBXFileReference; fileEncoding = 4; lastKnownFileType = sourcecode.c.h; path = AccountResetPassword.h; sourceTree = "<group>"; };
		B51C0B071C1F0F85006F344F /* AccountResetPassword.m */ = {isa = PBXFileReference; fileEncoding = 4; lastKnownFileType = sourcecode.c.objc; path = AccountResetPassword.m; sourceTree = "<group>"; };
		B51C0B491C246B36006F344F /* YMUtils.h */ = {isa = PBXFileReference; fileEncoding = 4; lastKnownFileType = sourcecode.c.h; path = YMUtils.h; sourceTree = "<group>"; };
		B51C0B4A1C246B36006F344F /* YMUtils.m */ = {isa = PBXFileReference; fileEncoding = 4; lastKnownFileType = sourcecode.c.objc; path = YMUtils.m; sourceTree = "<group>"; };
		B51C0B4C1C246B3E006F344F /* zh_CN.json */ = {isa = PBXFileReference; fileEncoding = 4; lastKnownFileType = text.json; path = zh_CN.json; sourceTree = "<group>"; };
		B5EDC2FD1C269580002E2833 /* MeNickNameVC.h */ = {isa = PBXFileReference; fileEncoding = 4; lastKnownFileType = sourcecode.c.h; path = MeNickNameVC.h; sourceTree = "<group>"; };
		B5EDC2FE1C269580002E2833 /* MeNickNameVC.m */ = {isa = PBXFileReference; fileEncoding = 4; lastKnownFileType = sourcecode.c.objc; path = MeNickNameVC.m; sourceTree = "<group>"; };
		B5EDC3001C2853E3002E2833 /* CreditExchangeInTVC.h */ = {isa = PBXFileReference; fileEncoding = 4; lastKnownFileType = sourcecode.c.h; path = CreditExchangeInTVC.h; sourceTree = "<group>"; };
		B5EDC3011C2853E3002E2833 /* CreditExchangeInTVC.m */ = {isa = PBXFileReference; fileEncoding = 4; lastKnownFileType = sourcecode.c.objc; path = CreditExchangeInTVC.m; sourceTree = "<group>"; };
		B5EDC30C1C2BD7D5002E2833 /* CreditExchangeInCell.h */ = {isa = PBXFileReference; fileEncoding = 4; lastKnownFileType = sourcecode.c.h; path = CreditExchangeInCell.h; sourceTree = "<group>"; };
		B5EDC30D1C2BD7D5002E2833 /* CreditExchangeInCell.m */ = {isa = PBXFileReference; fileEncoding = 4; lastKnownFileType = sourcecode.c.objc; path = CreditExchangeInCell.m; sourceTree = "<group>"; };
		B5EDC30F1C2BE25E002E2833 /* CreditExchangeTVC.h */ = {isa = PBXFileReference; fileEncoding = 4; lastKnownFileType = sourcecode.c.h; path = CreditExchangeTVC.h; sourceTree = "<group>"; };
		B5EDC3101C2BE25E002E2833 /* CreditExchangeTVC.m */ = {isa = PBXFileReference; fileEncoding = 4; lastKnownFileType = sourcecode.c.objc; path = CreditExchangeTVC.m; sourceTree = "<group>"; };
		B5EDC3121C2BE286002E2833 /* CreditExchangeCell.h */ = {isa = PBXFileReference; fileEncoding = 4; lastKnownFileType = sourcecode.c.h; path = CreditExchangeCell.h; sourceTree = "<group>"; };
		B5EDC3131C2BE286002E2833 /* CreditExchangeCell.m */ = {isa = PBXFileReference; fileEncoding = 4; lastKnownFileType = sourcecode.c.objc; path = CreditExchangeCell.m; sourceTree = "<group>"; };
		B5EDC3151C2C24EB002E2833 /* MerchantSelectTVC.h */ = {isa = PBXFileReference; fileEncoding = 4; lastKnownFileType = sourcecode.c.h; path = MerchantSelectTVC.h; sourceTree = "<group>"; };
		B5EDC3161C2C24EB002E2833 /* MerchantSelectTVC.m */ = {isa = PBXFileReference; fileEncoding = 4; lastKnownFileType = sourcecode.c.objc; path = MerchantSelectTVC.m; sourceTree = "<group>"; };
		B5EDC3181C2C251F002E2833 /* MerchantSelectCell.h */ = {isa = PBXFileReference; fileEncoding = 4; lastKnownFileType = sourcecode.c.h; path = MerchantSelectCell.h; sourceTree = "<group>"; };
		B5EDC3191C2C251F002E2833 /* MerchantSelectCell.m */ = {isa = PBXFileReference; fileEncoding = 4; lastKnownFileType = sourcecode.c.objc; path = MerchantSelectCell.m; sourceTree = "<group>"; };
		B5EDC31B1C2C3B6B002E2833 /* ActionMerchant.h */ = {isa = PBXFileReference; fileEncoding = 4; lastKnownFileType = sourcecode.c.h; path = ActionMerchant.h; sourceTree = "<group>"; };
		B5EDC31C1C2C3B6B002E2833 /* ActionMerchant.m */ = {isa = PBXFileReference; fileEncoding = 4; lastKnownFileType = sourcecode.c.objc; path = ActionMerchant.m; sourceTree = "<group>"; };
		B5EDC31E1C2D8F85002E2833 /* MerchantNameVC.h */ = {isa = PBXFileReference; fileEncoding = 4; lastKnownFileType = sourcecode.c.h; path = MerchantNameVC.h; sourceTree = "<group>"; };
		B5EDC31F1C2D8F85002E2833 /* MerchantNameVC.m */ = {isa = PBXFileReference; fileEncoding = 4; lastKnownFileType = sourcecode.c.objc; path = MerchantNameVC.m; sourceTree = "<group>"; };
		B5EDC3211C2ED516002E2833 /* MerchantEmailVC.h */ = {isa = PBXFileReference; fileEncoding = 4; lastKnownFileType = sourcecode.c.h; path = MerchantEmailVC.h; sourceTree = "<group>"; };
		B5EDC3221C2ED516002E2833 /* MerchantEmailVC.m */ = {isa = PBXFileReference; fileEncoding = 4; lastKnownFileType = sourcecode.c.objc; path = MerchantEmailVC.m; sourceTree = "<group>"; };
		B5EDC3241C2ED53E002E2833 /* MerchantContactNumberVC.h */ = {isa = PBXFileReference; fileEncoding = 4; lastKnownFileType = sourcecode.c.h; path = MerchantContactNumberVC.h; sourceTree = "<group>"; };
		B5EDC3251C2ED53E002E2833 /* MerchantContactNumberVC.m */ = {isa = PBXFileReference; fileEncoding = 4; lastKnownFileType = sourcecode.c.objc; path = MerchantContactNumberVC.m; sourceTree = "<group>"; };
		B5EDC3271C2ED556002E2833 /* MerchantAddressVC.h */ = {isa = PBXFileReference; fileEncoding = 4; lastKnownFileType = sourcecode.c.h; path = MerchantAddressVC.h; sourceTree = "<group>"; };
		B5EDC3281C2ED556002E2833 /* MerchantAddressVC.m */ = {isa = PBXFileReference; fileEncoding = 4; lastKnownFileType = sourcecode.c.objc; path = MerchantAddressVC.m; sourceTree = "<group>"; };
		B5EDC32D1C312EC8002E2833 /* MMeExchangeRateVC.h */ = {isa = PBXFileReference; fileEncoding = 4; lastKnownFileType = sourcecode.c.h; name = MMeExchangeRateVC.h; path = Merchant/Tab3/MMeExchangeRateVC.h; sourceTree = "<group>"; };
		B5EDC32E1C312EC9002E2833 /* MMeExchangeRateVC.m */ = {isa = PBXFileReference; fileEncoding = 4; lastKnownFileType = sourcecode.c.objc; name = MMeExchangeRateVC.m; path = Merchant/Tab3/MMeExchangeRateVC.m; sourceTree = "<group>"; };
		B5EDC3331C314C32002E2833 /* MerchantVerifiedInfoTVC.h */ = {isa = PBXFileReference; fileEncoding = 4; lastKnownFileType = sourcecode.c.h; name = MerchantVerifiedInfoTVC.h; path = Merchant/Tab3/MerchantVerifiedInfoTVC.h; sourceTree = "<group>"; };
		B5EDC3341C314C32002E2833 /* MerchantVerifiedInfoTVC.m */ = {isa = PBXFileReference; fileEncoding = 4; lastKnownFileType = sourcecode.c.objc; name = MerchantVerifiedInfoTVC.m; path = Merchant/Tab3/MerchantVerifiedInfoTVC.m; sourceTree = "<group>"; };
		B5EDC3751C326C9F002E2833 /* ActionBusiness.h */ = {isa = PBXFileReference; fileEncoding = 4; lastKnownFileType = sourcecode.c.h; name = ActionBusiness.h; path = Merchant/Tab3/Model/ActionBusiness.h; sourceTree = "<group>"; };
		B5EDC3761C326C9F002E2833 /* ActionBusiness.m */ = {isa = PBXFileReference; fileEncoding = 4; lastKnownFileType = sourcecode.c.objc; name = ActionBusiness.m; path = Merchant/Tab3/Model/ActionBusiness.m; sourceTree = "<group>"; };
		B5EDC37B1C3430BE002E2833 /* ActionFlow.h */ = {isa = PBXFileReference; fileEncoding = 4; lastKnownFileType = sourcecode.c.h; name = ActionFlow.h; path = Merchant/Tab3/Model/ActionFlow.h; sourceTree = "<group>"; };
		B5EDC37C1C3430BE002E2833 /* ActionFlow.m */ = {isa = PBXFileReference; fileEncoding = 4; lastKnownFileType = sourcecode.c.objc; name = ActionFlow.m; path = Merchant/Tab3/Model/ActionFlow.m; sourceTree = "<group>"; };
		B5EDC3961C3921EC002E2833 /* MActivityCell.h */ = {isa = PBXFileReference; fileEncoding = 4; lastKnownFileType = sourcecode.c.h; name = MActivityCell.h; path = Merchant/Tab2/MActivityCell.h; sourceTree = "<group>"; };
		B5EDC3971C3921EC002E2833 /* MActivityCell.m */ = {isa = PBXFileReference; fileEncoding = 4; lastKnownFileType = sourcecode.c.objc; name = MActivityCell.m; path = Merchant/Tab2/MActivityCell.m; sourceTree = "<group>"; };
		B5EDC3991C3A05CD002E2833 /* MActivityCreateTVC.h */ = {isa = PBXFileReference; fileEncoding = 4; lastKnownFileType = sourcecode.c.h; name = MActivityCreateTVC.h; path = Merchant/Tab2/MActivityCreateTVC.h; sourceTree = "<group>"; };
		B5EDC39A1C3A05CD002E2833 /* MActivityCreateTVC.m */ = {isa = PBXFileReference; fileEncoding = 4; lastKnownFileType = sourcecode.c.objc; name = MActivityCreateTVC.m; path = Merchant/Tab2/MActivityCreateTVC.m; sourceTree = "<group>"; };
		B5EDC3A21C3B9BC9002E2833 /* MActivityExpireVC.h */ = {isa = PBXFileReference; fileEncoding = 4; lastKnownFileType = sourcecode.c.h; name = MActivityExpireVC.h; path = Merchant/Tab2/MActivityExpireVC.h; sourceTree = "<group>"; };
		B5EDC3A31C3B9BC9002E2833 /* MActivityExpireVC.m */ = {isa = PBXFileReference; fileEncoding = 4; lastKnownFileType = sourcecode.c.objc; name = MActivityExpireVC.m; path = Merchant/Tab2/MActivityExpireVC.m; sourceTree = "<group>"; };
		B5EDC3A51C3C08FA002E2833 /* MActivityUpdateTVC.h */ = {isa = PBXFileReference; fileEncoding = 4; lastKnownFileType = sourcecode.c.h; name = MActivityUpdateTVC.h; path = Merchant/Tab2/MActivityUpdateTVC.h; sourceTree = "<group>"; };
		B5EDC3A61C3C08FA002E2833 /* MActivityUpdateTVC.m */ = {isa = PBXFileReference; fileEncoding = 4; lastKnownFileType = sourcecode.c.objc; name = MActivityUpdateTVC.m; path = Merchant/Tab2/MActivityUpdateTVC.m; sourceTree = "<group>"; };
		D01A48679F486AF32B41B766 /* Pods.release.xcconfig */ = {isa = PBXFileReference; includeInIndex = 1; lastKnownFileType = text.xcconfig; name = Pods.release.xcconfig; path = "Pods/Target Support Files/Pods/Pods.release.xcconfig"; sourceTree = "<group>"; };
/* End PBXFileReference section */

/* Begin PBXFrameworksBuildPhase section */
		1942C3641BE89F6700C2DCF4 /* Frameworks */ = {
			isa = PBXFrameworksBuildPhase;
			buildActionMask = 2147483647;
			files = (
				19CBBBFE1C21BE13002A920E /* libz.tbd in Frameworks */,
				9AB8F5391E69834489FF8DAD /* libPods.a in Frameworks */,
			);
			runOnlyForDeploymentPostprocessing = 0;
		};
/* End PBXFrameworksBuildPhase section */

/* Begin PBXGroup section */
		0F26A7FE66F11B221B96C3B7 /* Pods */ = {
			isa = PBXGroup;
			children = (
				06E1593861243261B9CF8DAE /* Pods.debug.xcconfig */,
				D01A48679F486AF32B41B766 /* Pods.release.xcconfig */,
			);
			name = Pods;
			sourceTree = "<group>";
		};
		19339AD31C23DED000791A9E /* Model */ = {
			isa = PBXGroup;
			children = (
				19339AD41C23DEF800791A9E /* ActionMMaterial.h */,
				19339AD51C23DEF800791A9E /* ActionMMaterial.m */,
				B5EDC3751C326C9F002E2833 /* ActionBusiness.h */,
				B5EDC3761C326C9F002E2833 /* ActionBusiness.m */,
				B5EDC37B1C3430BE002E2833 /* ActionFlow.h */,
				B5EDC37C1C3430BE002E2833 /* ActionFlow.m */,
			);
			name = Model;
			sourceTree = "<group>";
		};
		19339B031C29548700791A9E /* Model */ = {
			isa = PBXGroup;
			children = (
				19339B041C2954C000791A9E /* ActionMCredit.h */,
				19339B051C2954C000791A9E /* ActionMCredit.m */,
			);
			name = Model;
			sourceTree = "<group>";
		};
		193C37181C1B02200017CC9C /* Main */ = {
			isa = PBXGroup;
			children = (
				1942C3731BE89F6700C2DCF4 /* Consumer.storyboard */,
			);
			name = Main;
			path = ../..;
			sourceTree = "<group>";
		};
		193C37191C1B0D5A0017CC9C /* Account */ = {
			isa = PBXGroup;
			children = (
				193C371D1C1B0E270017CC9C /* Model */,
				193C371E1C1B12270017CC9C /* Account.storyboard */,
				193C371A1C1B0D800017CC9C /* AccountController.h */,
				193C371B1C1B0D800017CC9C /* AccountController.m */,
				B51C0B031C1DB530006F344F /* AccountRegisterController.h */,
				B51C0B041C1DB530006F344F /* AccountRegisterController.m */,
				B51C0B061C1F0F85006F344F /* AccountResetPassword.h */,
				B51C0B071C1F0F85006F344F /* AccountResetPassword.m */,
				19FC0FBF1C1F1E89008157E3 /* SKeyManager.h */,
				19FC0FC01C1F1E89008157E3 /* SKeyManager.m */,
				19CBBBF61C21A62F002A920E /* MaterialManager.h */,
				19CBBBF71C21A62F002A920E /* MaterialManager.m */,
				19339ADA1C23E74F00791A9E /* MMaterialManager.h */,
				19339ADB1C23E74F00791A9E /* MMaterialManager.m */,
			);
			name = Account;
			sourceTree = "<group>";
		};
		193C371D1C1B0E270017CC9C /* Model */ = {
			isa = PBXGroup;
			children = (
				193C37201C1B16C60017CC9C /* ActionAccount.h */,
				193C37211C1B16C60017CC9C /* ActionAccount.m */,
			);
			name = Model;
			sourceTree = "<group>";
		};
		193C37581C1BE2B70017CC9C /* Consumer */ = {
			isa = PBXGroup;
			children = (
				193C37591C1BE2B70017CC9C /* Tab1 */,
				193C37671C1BE2B70017CC9C /* Tab2 */,
				193C37681C1BE2B70017CC9C /* Tab3 */,
			);
			path = Consumer;
			sourceTree = "<group>";
		};
		193C37591C1BE2B70017CC9C /* Tab1 */ = {
			isa = PBXGroup;
			children = (
				193C37181C1B02200017CC9C /* Main */,
				193C375E1C1BE2B70017CC9C /* Model */,
				193C37A61C1C19240017CC9C /* AwardDerivateCell.h */,
				193C37A71C1C19240017CC9C /* AwardDerivateCell.m */,
				193C37A31C1C17870017CC9C /* AwardDerivateCVC.h */,
				193C37A41C1C17870017CC9C /* AwardDerivateCVC.m */,
				193C37611C1BE2B70017CC9C /* MyAwardCell.h */,
				193C37621C1BE2B70017CC9C /* MyAwardCell.m */,
				193C37651C1BE2B70017CC9C /* MyAwardTVC.h */,
				193C37661C1BE2B70017CC9C /* MyAwardTVC.m */,
				19339ADD1C23E86F00791A9E /* MyAwardController.h */,
				19339ADE1C23E86F00791A9E /* MyAwardController.m */,
				19339AE91C26773400791A9E /* ScanMerchantController.h */,
				19339AEA1C26773400791A9E /* ScanMerchantController.m */,
				19339AEC1C26782D00791A9E /* ApplyCreditTVC.h */,
				19339AED1C26782D00791A9E /* ApplyCreditTVC.m */,
				19339AEF1C269BD500791A9E /* MyOneAwardTVC.h */,
				19339AF01C269BD500791A9E /* MyOneAwardTVC.m */,
				19339AF21C269D0400791A9E /* MyOneAwardCell.h */,
				19339AF31C269D0400791A9E /* MyOneAwardCell.m */,
				B5EDC3001C2853E3002E2833 /* CreditExchangeInTVC.h */,
				B5EDC3011C2853E3002E2833 /* CreditExchangeInTVC.m */,
				B5EDC30C1C2BD7D5002E2833 /* CreditExchangeInCell.h */,
				B5EDC30D1C2BD7D5002E2833 /* CreditExchangeInCell.m */,
				B5EDC30F1C2BE25E002E2833 /* CreditExchangeTVC.h */,
				B5EDC3101C2BE25E002E2833 /* CreditExchangeTVC.m */,
				B5EDC3121C2BE286002E2833 /* CreditExchangeCell.h */,
				B5EDC3131C2BE286002E2833 /* CreditExchangeCell.m */,
				B5EDC3151C2C24EB002E2833 /* MerchantSelectTVC.h */,
				B5EDC3161C2C24EB002E2833 /* MerchantSelectTVC.m */,
				B5EDC3181C2C251F002E2833 /* MerchantSelectCell.h */,
				B5EDC3191C2C251F002E2833 /* MerchantSelectCell.m */,
				19339B191C3013F800791A9E /* InterchangeController.h */,
				19339B1A1C3013F800791A9E /* InterchangeController.m */,
			);
			path = Tab1;
			sourceTree = "<group>";
		};
		193C375E1C1BE2B70017CC9C /* Model */ = {
			isa = PBXGroup;
			children = (
				193C375F1C1BE2B70017CC9C /* ActionCredit.h */,
				193C37601C1BE2B70017CC9C /* ActionCredit.m */,
				B5EDC31B1C2C3B6B002E2833 /* ActionMerchant.h */,
				B5EDC31C1C2C3B6B002E2833 /* ActionMerchant.m */,
			);
			path = Model;
			sourceTree = "<group>";
		};
		193C37671C1BE2B70017CC9C /* Tab2 */ = {
			isa = PBXGroup;
			children = (
				193C37A91C1C23460017CC9C /* Discount.storyboard */,
				193C37AC1C1C23D90017CC9C /* DiscountNavigationController.h */,
				193C37AD1C1C23D90017CC9C /* DiscountNavigationController.m */,
				193C37AF1C1C24170017CC9C /* DiscountTVC.h */,
				193C37B01C1C24170017CC9C /* DiscountTVC.m */,
				193C37B21C1C254C0017CC9C /* DiscountCell.h */,
				193C37B31C1C254C0017CC9C /* DiscountCell.m */,
			);
			path = Tab2;
			sourceTree = "<group>";
		};
		193C37681C1BE2B70017CC9C /* Tab3 */ = {
			isa = PBXGroup;
			children = (
				19CBBBF91C21B4B9002A920E /* Model */,
				19ED4C8B1C1AA77F00FE4341 /* Me.storyboard */,
				B5EDC2FD1C269580002E2833 /* MeNickNameVC.h */,
				B5EDC2FE1C269580002E2833 /* MeNickNameVC.m */,
				193C376B1C1BE2B70017CC9C /* MeNavigationController.h */,
				193C376C1C1BE2B70017CC9C /* MeNavigationController.m */,
				193C37691C1BE2B70017CC9C /* MeController.h */,
				193C376A1C1BE2B70017CC9C /* MeController.m */,
				193C376D1C1BE2B70017CC9C /* MeTVC.h */,
				193C376E1C1BE2B70017CC9C /* MeTVC.m */,
				193C378B1C1BED3C0017CC9C /* SettingTVC.h */,
				193C378C1C1BED3C0017CC9C /* SettingTVC.m */,
				193C38061C1D90500017CC9C /* MaterialTVC.h */,
				193C38071C1D90500017CC9C /* MaterialTVC.m */,
			);
			path = Tab3;
			sourceTree = "<group>";
		};
		193C377E1C1BE6200017CC9C /* Merchant */ = {
			isa = PBXGroup;
			children = (
				193C378F1C1BF5360017CC9C /* Main */,
				193C378E1C1BF52E0017CC9C /* Tab1 */,
				B5EDC3951C3821B4002E2833 /* Tab2 */,
				193C37911C1BF6D70017CC9C /* Tab3 */,
			);
			name = Merchant;
			sourceTree = "<group>";
		};
		193C37811C1BE8510017CC9C /* Bootstrap */ = {
			isa = PBXGroup;
			children = (
				193C37781C1BE3EA0017CC9C /* Bootstrap.storyboard */,
				193C37821C1BE8510017CC9C /* BootstrapController.h */,
				193C37831C1BE8510017CC9C /* BootstrapController.m */,
				193C37E31C1D4A070017CC9C /* RoleManager.h */,
				193C37E41C1D4A070017CC9C /* RoleManager.m */,
				19339AD01C23DC6100791A9E /* CreateMerchantTVC.h */,
				19339AD11C23DC6100791A9E /* CreateMerchantTVC.m */,
			);
			path = Bootstrap;
			sourceTree = "<group>";
		};
		193C378E1C1BF52E0017CC9C /* Tab1 */ = {
			isa = PBXGroup;
			children = (
				19339B031C29548700791A9E /* Model */,
				19339AD71C23E4C000791A9E /* AwardManagerController.h */,
				19339AD81C23E4C000791A9E /* AwardManagerController.m */,
				19339AF71C29403400791A9E /* MAwardDerivateCVC.h */,
				19339AF81C29403400791A9E /* MAwardDerivateCVC.m */,
				19339AFA1C29407900791A9E /* MAwardDerivateCell.h */,
				19339AFB1C29407900791A9E /* MAwardDerivateCell.m */,
				19339AFD1C2950BD00791A9E /* MAwardApplyTVC.h */,
				19339AFE1C2950BD00791A9E /* MAwardApplyTVC.m */,
				19339B001C2950FA00791A9E /* MAwardApplyCell.h */,
				19339B011C2950FA00791A9E /* MAwardApplyCell.m */,
				19339B071C2ABDFF00791A9E /* ConsumerAwardTVC.h */,
				19339B081C2ABDFF00791A9E /* ConsumerAwardTVC.m */,
				19339B0A1C2ABEA000791A9E /* ConsumerAwardCell.h */,
				19339B0B1C2ABEA000791A9E /* ConsumerAwardCell.m */,
				19339B0D1C2C340900791A9E /* COneAwardCell.h */,
				19339B0E1C2C340900791A9E /* COneAwardCell.m */,
				19339B101C2C343700791A9E /* COneAwardTVC.h */,
				19339B111C2C343700791A9E /* COneAwardTVC.m */,
			);
			name = Tab1;
			sourceTree = "<group>";
		};
		193C378F1C1BF5360017CC9C /* Main */ = {
			isa = PBXGroup;
			children = (
				193C37881C1BE9CA0017CC9C /* Merchant.storyboard */,
				193C37851C1BE8B40017CC9C /* MerchantMain.h */,
				193C37861C1BE8B40017CC9C /* MerchantMain.m */,
			);
			name = Main;
			sourceTree = "<group>";
		};
		193C37901C1BF6CD0017CC9C /* Tab2 */ = {
			isa = PBXGroup;
			children = (
				19CAA8DF1C354E2300010F68 /* Model */,
				19CAA8D71C354D2F00010F68 /* MActivity.storyboard */,
				19CAA8D91C354D9300010F68 /* MActivityNavigationController.h */,
				19CAA8DA1C354D9300010F68 /* MActivityNavigationController.m */,
				19CAA8E01C354E5200010F68 /* MActivityTVC.h */,
				19CAA8E11C354E5200010F68 /* MActivityTVC.m */,
				B5EDC3961C3921EC002E2833 /* MActivityCell.h */,
				B5EDC3971C3921EC002E2833 /* MActivityCell.m */,
				B5EDC3991C3A05CD002E2833 /* MActivityCreateTVC.h */,
				B5EDC39A1C3A05CD002E2833 /* MActivityCreateTVC.m */,
				B5EDC3A51C3C08FA002E2833 /* MActivityUpdateTVC.h */,
				B5EDC3A61C3C08FA002E2833 /* MActivityUpdateTVC.m */,
				B5EDC3A21C3B9BC9002E2833 /* MActivityExpireVC.h */,
				B5EDC3A31C3B9BC9002E2833 /* MActivityExpireVC.m */,
			);
			name = Tab2;
			sourceTree = "<group>";
		};
		193C37911C1BF6D70017CC9C /* Tab3 */ = {
			isa = PBXGroup;
			children = (
				19339AD31C23DED000791A9E /* Model */,
				193C37921C1BFF560017CC9C /* MMe.storyboard */,
				193C37971C1C0B7A0017CC9C /* MMeNavigationController.h */,
				193C37981C1C0B7A0017CC9C /* MMeNavigationController.m */,
				193C379D1C1C0BD70017CC9C /* MMeController.h */,
				193C379E1C1C0BD70017CC9C /* MMeController.m */,
				193C37A01C1C0DE20017CC9C /* MSettingTVC.h */,
				193C37A11C1C0DE20017CC9C /* MSettingTVC.m */,
				19339AE01C257F1200791A9E /* MMaterialTVC.h */,
				19339AE11C257F1200791A9E /* MMaterialTVC.m */,
				19339AE31C258AB500791A9E /* MMeTVC.h */,
				19339AE41C258AB500791A9E /* MMeTVC.m */,
				B5EDC32D1C312EC8002E2833 /* MMeExchangeRateVC.h */,
				B5EDC32E1C312EC9002E2833 /* MMeExchangeRateVC.m */,
				B5EDC3331C314C32002E2833 /* MerchantVerifiedInfoTVC.h */,
				B5EDC3341C314C32002E2833 /* MerchantVerifiedInfoTVC.m */,
				B5EDC31E1C2D8F85002E2833 /* MerchantNameVC.h */,
				B5EDC31F1C2D8F85002E2833 /* MerchantNameVC.m */,
				B5EDC3211C2ED516002E2833 /* MerchantEmailVC.h */,
				B5EDC3221C2ED516002E2833 /* MerchantEmailVC.m */,
				B5EDC3241C2ED53E002E2833 /* MerchantContactNumberVC.h */,
				B5EDC3251C2ED53E002E2833 /* MerchantContactNumberVC.m */,
				B5EDC3271C2ED556002E2833 /* MerchantAddressVC.h */,
				B5EDC3281C2ED556002E2833 /* MerchantAddressVC.m */,
			);
			name = Tab3;
			sourceTree = "<group>";
		};
		193C37FF1C1D8D9E0017CC9C /* Common */ = {
			isa = PBXGroup;
			children = (
				B51C0B481C246AFF006F344F /* CityList */,
				193C38381C1D95920017CC9C /* Base64 */,
				193C383C1C1D95920017CC9C /* ClickableView */,
				193C38091C1D94DE0017CC9C /* Catalog */,
				193C38161C1D94DE0017CC9C /* Networking */,
				193C38191C1D94DE0017CC9C /* PhotoAlbum */,
			);
			path = Common;
			sourceTree = "<group>";
		};
		193C38091C1D94DE0017CC9C /* Catalog */ = {
			isa = PBXGroup;
			children = (
				193C380A1C1D94DE0017CC9C /* MKMapView+MapViewUtil.h */,
				193C380B1C1D94DE0017CC9C /* MKMapView+MapViewUtil.m */,
				193C380C1C1D94DE0017CC9C /* NSDate+Helpers.h */,
				193C380D1C1D94DE0017CC9C /* NSDate+Helpers.m */,
				193C380E1C1D94DE0017CC9C /* NSString+Md5.h */,
				193C380F1C1D94DE0017CC9C /* NSString+Md5.m */,
				193C38101C1D94DE0017CC9C /* UIColor+Extension.h */,
				193C38111C1D94DE0017CC9C /* UIColor+Extension.m */,
				193C38121C1D94DE0017CC9C /* UIImage+FixOrientation.h */,
				193C38131C1D94DE0017CC9C /* UIImage+FixOrientation.m */,
				193C38141C1D94DE0017CC9C /* UITableView+FDTemplateLayoutCell.h */,
				193C38151C1D94DE0017CC9C /* UITableView+FDTemplateLayoutCell.m */,
			);
			path = Catalog;
			sourceTree = "<group>";
		};
		193C38161C1D94DE0017CC9C /* Networking */ = {
			isa = PBXGroup;
			children = (
				193C38171C1D94DE0017CC9C /* NetCommunication.h */,
				193C38181C1D94DE0017CC9C /* NetCommunication.m */,
				193C38441C1EEDF30017CC9C /* SyncHttp.h */,
				193C38451C1EEDF30017CC9C /* SyncHttp.m */,
			);
			path = Networking;
			sourceTree = "<group>";
		};
		193C38191C1D94DE0017CC9C /* PhotoAlbum */ = {
			isa = PBXGroup;
			children = (
				19CBBC021C228CF9002A920E /* Model */,
				193C381A1C1D94DE0017CC9C /* Album.storyboard */,
				193C38211C1D94DE0017CC9C /* ImageFullscreenSVC.h */,
				193C38221C1D94DE0017CC9C /* ImageFullscreenSVC.m */,
				193C381B1C1D94DE0017CC9C /* AlbumTestController.h */,
				193C381C1C1D94DE0017CC9C /* AlbumTestController.m */,
				193C381F1C1D94DE0017CC9C /* ImageCheckableCell.h */,
				193C38201C1D94DE0017CC9C /* ImageCheckableCell.m */,
				193C38231C1D94DE0017CC9C /* ImageListCell.h */,
				193C38241C1D94DE0017CC9C /* ImageListCell.m */,
				193C38251C1D94DE0017CC9C /* ImageListCVC.h */,
				193C38261C1D94DE0017CC9C /* ImageListCVC.m */,
				193C381D1C1D94DE0017CC9C /* CircleImageCVLayout.h */,
				193C381E1C1D94DE0017CC9C /* CircleImageCVLayout.m */,
				193C38271C1D94DE0017CC9C /* PhotoAlbum.h */,
				193C38281C1D94DE0017CC9C /* PhotoAlbum.m */,
			);
			path = PhotoAlbum;
			sourceTree = "<group>";
		};
		193C38381C1D95920017CC9C /* Base64 */ = {
			isa = PBXGroup;
			children = (
				193C38391C1D95920017CC9C /* GTMBase64.h */,
				193C383A1C1D95920017CC9C /* GTMBase64.m */,
				193C383B1C1D95920017CC9C /* GTMDefines.h */,
			);
			path = Base64;
			sourceTree = "<group>";
		};
		193C383C1C1D95920017CC9C /* ClickableView */ = {
			isa = PBXGroup;
			children = (
				193C383D1C1D95920017CC9C /* ClickableImageView.h */,
				193C383E1C1D95920017CC9C /* ClickableImageView.m */,
				193C383F1C1D95920017CC9C /* ClickableStackView.h */,
				193C38401C1D95920017CC9C /* ClickableStackView.m */,
			);
			path = ClickableView;
			sourceTree = "<group>";
		};
		1942C35E1BE89F6700C2DCF4 = {
			isa = PBXGroup;
			children = (
				1942C3691BE89F6700C2DCF4 /* Calculus */,
				1942C3681BE89F6700C2DCF4 /* Products */,
				0F26A7FE66F11B221B96C3B7 /* Pods */,
				66B83DD9B69B598E0F33EA46 /* Frameworks */,
			);
			sourceTree = "<group>";
		};
		1942C3681BE89F6700C2DCF4 /* Products */ = {
			isa = PBXGroup;
			children = (
				1942C3671BE89F6700C2DCF4 /* Calculus.app */,
			);
			name = Products;
			sourceTree = "<group>";
		};
		1942C3691BE89F6700C2DCF4 /* Calculus */ = {
			isa = PBXGroup;
			children = (
				193C37FF1C1D8D9E0017CC9C /* Common */,
				193C37191C1B0D5A0017CC9C /* Account */,
				193C37811C1BE8510017CC9C /* Bootstrap */,
				193C37581C1BE2B70017CC9C /* Consumer */,
				193C377E1C1BE6200017CC9C /* Merchant */,
				1942C36A1BE89F6700C2DCF4 /* Supporting Files */,
			);
			path = Calculus;
			sourceTree = "<group>";
		};
		1942C36A1BE89F6700C2DCF4 /* Supporting Files */ = {
			isa = PBXGroup;
			children = (
				1942C3761BE89F6700C2DCF4 /* Assets.xcassets */,
				1942C3781BE89F6700C2DCF4 /* LaunchScreen.storyboard */,
				1942C36D1BE89F6700C2DCF4 /* AppDelegate.h */,
				1942C36E1BE89F6700C2DCF4 /* AppDelegate.m */,
				1942C37B1BE89F6700C2DCF4 /* Info.plist */,
				1961F6F01C19C54A000928D3 /* Constance.h */,
				1942C36B1BE89F6700C2DCF4 /* main.m */,
				19339AF61C2930E800791A9E /* Calculus.pch */,
			);
			name = "Supporting Files";
			sourceTree = "<group>";
		};
		19CAA8DF1C354E2300010F68 /* Model */ = {
			isa = PBXGroup;
			children = (
				19CAA8DC1C354E1B00010F68 /* ActionMActivity.h */,
				19CAA8DD1C354E1B00010F68 /* ActionMActivity.m */,
			);
			name = Model;
			sourceTree = "<group>";
		};
		19CBBBF91C21B4B9002A920E /* Model */ = {
			isa = PBXGroup;
			children = (
				19CBBBFA1C21B4EC002A920E /* ActionMaterial.h */,
				19CBBBFB1C21B4EC002A920E /* ActionMaterial.m */,
			);
			name = Model;
			sourceTree = "<group>";
		};
		19CBBC021C228CF9002A920E /* Model */ = {
			isa = PBXGroup;
			children = (
				19CBBC031C228D16002A920E /* ActionQiniu.h */,
				19CBBC041C228D16002A920E /* ActionQiniu.m */,
			);
			name = Model;
			sourceTree = "<group>";
		};
		66B83DD9B69B598E0F33EA46 /* Frameworks */ = {
			isa = PBXGroup;
			children = (
				19CBBBFD1C21BE13002A920E /* libz.tbd */,
				0E77514A77D3C896A8E7F09D /* libPods.a */,
			);
			name = Frameworks;
			sourceTree = "<group>";
		};
		B51C0B481C246AFF006F344F /* CityList */ = {
			isa = PBXGroup;
			children = (
				B51C0B4C1C246B3E006F344F /* zh_CN.json */,
				B51C0B491C246B36006F344F /* YMUtils.h */,
				B51C0B4A1C246B36006F344F /* YMUtils.m */,
			);
			name = CityList;
			sourceTree = "<group>";
		};
		B5EDC3951C3821B4002E2833 /* Tab2 */ = {
			isa = PBXGroup;
			children = (
				B5EDC38A1C38182A002E2833 /* MActivity.storyboard */,
				B5EDC38C1C3818F5002E2833 /* MActivityNavigationController.h */,
				B5EDC38D1C3818F6002E2833 /* MActivityNavigationController.m */,
				B5EDC38F1C381971002E2833 /* MActivityTVC.h */,
				B5EDC3901C381971002E2833 /* MActivityTVC.m */,
				B5EDC3921C381EDE002E2833 /* MActivityCell.h */,
				B5EDC3931C381EDE002E2833 /* MActivityCell.m */,
			);
			name = Tab2;
			sourceTree = "<group>";
		};
/* End PBXGroup section */

/* Begin PBXNativeTarget section */
		1942C3661BE89F6700C2DCF4 /* Calculus */ = {
			isa = PBXNativeTarget;
			buildConfigurationList = 1942C37E1BE89F6700C2DCF4 /* Build configuration list for PBXNativeTarget "Calculus" */;
			buildPhases = (
				C733023986C466DC57E06044 /* Check Pods Manifest.lock */,
				1942C3631BE89F6700C2DCF4 /* Sources */,
				1942C3641BE89F6700C2DCF4 /* Frameworks */,
				1942C3651BE89F6700C2DCF4 /* Resources */,
				7D601BE52C5D1B12EF578AC6 /* Copy Pods Resources */,
				AAF547CDA07F8A7525B71D88 /* Embed Pods Frameworks */,
			);
			buildRules = (
			);
			dependencies = (
			);
			name = Calculus;
			productName = Calculus;
			productReference = 1942C3671BE89F6700C2DCF4 /* Calculus.app */;
			productType = "com.apple.product-type.application";
		};
/* End PBXNativeTarget section */

/* Begin PBXProject section */
		1942C35F1BE89F6700C2DCF4 /* Project object */ = {
			isa = PBXProject;
			attributes = {
				LastUpgradeCheck = 0710;
				ORGANIZATIONNAME = tracedeng;
				TargetAttributes = {
					1942C3661BE89F6700C2DCF4 = {
						CreatedOnToolsVersion = 7.1;
					};
				};
			};
			buildConfigurationList = 1942C3621BE89F6700C2DCF4 /* Build configuration list for PBXProject "Calculus" */;
			compatibilityVersion = "Xcode 3.2";
			developmentRegion = English;
			hasScannedForEncodings = 0;
			knownRegions = (
				en,
				Base,
			);
			mainGroup = 1942C35E1BE89F6700C2DCF4;
			productRefGroup = 1942C3681BE89F6700C2DCF4 /* Products */;
			projectDirPath = "";
			projectRoot = "";
			targets = (
				1942C3661BE89F6700C2DCF4 /* Calculus */,
			);
		};
/* End PBXProject section */

/* Begin PBXResourcesBuildPhase section */
		1942C3651BE89F6700C2DCF4 /* Resources */ = {
			isa = PBXResourcesBuildPhase;
			buildActionMask = 2147483647;
			files = (
				1942C37A1BE89F6700C2DCF4 /* LaunchScreen.storyboard in Resources */,
				B5EDC38B1C38182A002E2833 /* MActivity.storyboard in Resources */,
				/*19CAA8D81C354D2F00010F68 *//* MActivity.storyboard in Resources */,
				1942C3771BE89F6700C2DCF4 /* Assets.xcassets in Resources */,
				193C378A1C1BE9CA0017CC9C /* Merchant.storyboard in Resources */,
				193C371F1C1B12270017CC9C /* Account.storyboard in Resources */,
				193C38301C1D94DE0017CC9C /* Album.storyboard in Resources */,
				B51C0B4D1C246B3E006F344F /* zh_CN.json in Resources */,
				193C37AB1C1C23460017CC9C /* Discount.storyboard in Resources */,
				19ED4C8D1C1AA77F00FE4341 /* Me.storyboard in Resources */,
				1942C3751BE89F6700C2DCF4 /* Consumer.storyboard in Resources */,
				193C377A1C1BE3EA0017CC9C /* Bootstrap.storyboard in Resources */,
				193C37931C1BFF560017CC9C /* MMe.storyboard in Resources */,
			);
			runOnlyForDeploymentPostprocessing = 0;
		};
/* End PBXResourcesBuildPhase section */

/* Begin PBXShellScriptBuildPhase section */
		7D601BE52C5D1B12EF578AC6 /* Copy Pods Resources */ = {
			isa = PBXShellScriptBuildPhase;
			buildActionMask = 2147483647;
			files = (
			);
			inputPaths = (
			);
			name = "Copy Pods Resources";
			outputPaths = (
			);
			runOnlyForDeploymentPostprocessing = 0;
			shellPath = /bin/sh;
			shellScript = "\"${SRCROOT}/Pods/Target Support Files/Pods/Pods-resources.sh\"\n";
			showEnvVarsInLog = 0;
		};
		AAF547CDA07F8A7525B71D88 /* Embed Pods Frameworks */ = {
			isa = PBXShellScriptBuildPhase;
			buildActionMask = 8;
			files = (
			);
			inputPaths = (
			);
			name = "Embed Pods Frameworks";
			outputPaths = (
			);
			runOnlyForDeploymentPostprocessing = 1;
			shellPath = /bin/sh;
			shellScript = "\"${SRCROOT}/Pods/Target Support Files/Pods/Pods-frameworks.sh\"\n";
			showEnvVarsInLog = 0;
		};
		C733023986C466DC57E06044 /* Check Pods Manifest.lock */ = {
			isa = PBXShellScriptBuildPhase;
			buildActionMask = 2147483647;
			files = (
			);
			inputPaths = (
			);
			name = "Check Pods Manifest.lock";
			outputPaths = (
			);
			runOnlyForDeploymentPostprocessing = 0;
			shellPath = /bin/sh;
			shellScript = "diff \"${PODS_ROOT}/../Podfile.lock\" \"${PODS_ROOT}/Manifest.lock\" > /dev/null\nif [[ $? != 0 ]] ; then\n    cat << EOM\nerror: The sandbox is not in sync with the Podfile.lock. Run 'pod install' or update your CocoaPods installation.\nEOM\n    exit 1\nfi\n";
			showEnvVarsInLog = 0;
		};
/* End PBXShellScriptBuildPhase section */

/* Begin PBXSourcesBuildPhase section */
		1942C3631BE89F6700C2DCF4 /* Sources */ = {
			isa = PBXSourcesBuildPhase;
			buildActionMask = 2147483647;
			files = (
				B51C0B051C1DB530006F344F /* AccountRegisterController.m in Sources */,
				19CAA8DB1C354D9300010F68 /* MActivityNavigationController.m in Sources */,
				193C37871C1BE8B40017CC9C /* MerchantMain.m in Sources */,
				B5EDC2FF1C269580002E2833 /* MeNickNameVC.m in Sources */,
				193C382A1C1D94DE0017CC9C /* NSDate+Helpers.m in Sources */,
				19339B0F1C2C340900791A9E /* COneAwardCell.m in Sources */,
				193C371C1C1B0D800017CC9C /* AccountController.m in Sources */,
				193C37771C1BE2B70017CC9C /* MeTVC.m in Sources */,
				B5EDC39B1C3A05CE002E2833 /* MActivityCreateTVC.m in Sources */,
				193C38361C1D94DE0017CC9C /* ImageListCVC.m in Sources */,
				19339AEB1C26773400791A9E /* ScanMerchantController.m in Sources */,
				B5EDC37D1C3430BE002E2833 /* ActionFlow.m in Sources */,
				193C38371C1D94DE0017CC9C /* PhotoAlbum.m in Sources */,
				193C37B41C1C254C0017CC9C /* DiscountCell.m in Sources */,
				193C37221C1B16C60017CC9C /* ActionAccount.m in Sources */,
				B5EDC3111C2BE25E002E2833 /* CreditExchangeTVC.m in Sources */,
				19339B061C2954C000791A9E /* ActionMCredit.m in Sources */,
				19339AEE1C26782D00791A9E /* ApplyCreditTVC.m in Sources */,
				B5EDC3291C2ED556002E2833 /* MerchantAddressVC.m in Sources */,
				193C37A81C1C19240017CC9C /* AwardDerivateCell.m in Sources */,
				19339B1B1C3013F800791A9E /* InterchangeController.m in Sources */,
				19339AFF1C2950BD00791A9E /* MAwardApplyTVC.m in Sources */,
				193C382E1C1D94DE0017CC9C /* UITableView+FDTemplateLayoutCell.m in Sources */,
				193C382F1C1D94DE0017CC9C /* NetCommunication.m in Sources */,
				193C38321C1D94DE0017CC9C /* CircleImageCVLayout.m in Sources */,
				B5EDC32F1C312EC9002E2833 /* MMeExchangeRateVC.m in Sources */,
				193C37E51C1D4A070017CC9C /* RoleManager.m in Sources */,
				193C37991C1C0B7A0017CC9C /* MMeNavigationController.m in Sources */,
				193C378D1C1BED3C0017CC9C /* SettingTVC.m in Sources */,
				193C37711C1BE2B70017CC9C /* ActionCredit.m in Sources */,
				B5EDC38E1C3818F6002E2833 /* MActivityNavigationController.m in Sources */,
				193C38341C1D94DE0017CC9C /* ImageFullscreenSVC.m in Sources */,
				B5EDC3201C2D8F85002E2833 /* MerchantNameVC.m in Sources */,
				193C382D1C1D94DE0017CC9C /* UIImage+FixOrientation.m in Sources */,
				193C37A51C1C17870017CC9C /* AwardDerivateCVC.m in Sources */,
				19339B121C2C343700791A9E /* COneAwardTVC.m in Sources */,
				19339B091C2ABDFF00791A9E /* ConsumerAwardTVC.m in Sources */,
				B5EDC31D1C2C3B6B002E2833 /* ActionMerchant.m in Sources */,
				193C37841C1BE8510017CC9C /* BootstrapController.m in Sources */,
				19339AE51C258AB500791A9E /* MMeTVC.m in Sources */,
				19CBBBF81C21A630002A920E /* MaterialManager.m in Sources */,
				B5EDC3981C3921EC002E2833 /* MActivityCell.m in Sources */,
				19339AD21C23DC6100791A9E /* CreateMerchantTVC.m in Sources */,
				193C38351C1D94DE0017CC9C /* ImageListCell.m in Sources */,
				193C37B11C1C24170017CC9C /* DiscountTVC.m in Sources */,
				B5EDC3911C381971002E2833 /* MActivityTVC.m in Sources */,
				193C37741C1BE2B70017CC9C /* MyAwardTVC.m in Sources */,
				19CAA8E21C354E5200010F68 /* MActivityTVC.m in Sources */,
				B5EDC30E1C2BD7D5002E2833 /* CreditExchangeInCell.m in Sources */,
				193C38081C1D90500017CC9C /* MaterialTVC.m in Sources */,
				B5EDC3261C2ED53E002E2833 /* MerchantContactNumberVC.m in Sources */,
				B5EDC3021C2853E3002E2833 /* CreditExchangeInTVC.m in Sources */,
				19339ADC1C23E74F00791A9E /* MMaterialManager.m in Sources */,
				B5EDC3A41C3B9BC9002E2833 /* MActivityExpireVC.m in Sources */,
				193C38331C1D94DE0017CC9C /* ImageCheckableCell.m in Sources */,
				193C38311C1D94DE0017CC9C /* AlbumTestController.m in Sources */,
				193C37751C1BE2B70017CC9C /* MeController.m in Sources */,
				193C37721C1BE2B70017CC9C /* MyAwardCell.m in Sources */,
				B51C0B081C1F0F85006F344F /* AccountResetPassword.m in Sources */,
				B5EDC3A71C3C08FA002E2833 /* MActivityUpdateTVC.m in Sources */,
				19339AF91C29403400791A9E /* MAwardDerivateCVC.m in Sources */,
				19339AF41C269D0400791A9E /* MyOneAwardCell.m in Sources */,
				1942C36F1BE89F6700C2DCF4 /* AppDelegate.m in Sources */,
				19CBBC051C228D16002A920E /* ActionQiniu.m in Sources */,
				19339AF11C269BD500791A9E /* MyOneAwardTVC.m in Sources */,
				B51C0B4B1C246B36006F344F /* YMUtils.m in Sources */,
				B5EDC3941C381EDE002E2833 /* MActivityCell.m in Sources */,
				B5EDC3771C326C9F002E2833 /* ActionBusiness.m in Sources */,
				193C38461C1EEDF30017CC9C /* SyncHttp.m in Sources */,
				193C382C1C1D94DE0017CC9C /* UIColor+Extension.m in Sources */,
				B5EDC3231C2ED516002E2833 /* MerchantEmailVC.m in Sources */,
				19339B021C2950FA00791A9E /* MAwardApplyCell.m in Sources */,
				19CBBBFC1C21B4EC002A920E /* ActionMaterial.m in Sources */,
				193C38421C1D95920017CC9C /* ClickableImageView.m in Sources */,
				B5EDC31A1C2C251F002E2833 /* MerchantSelectCell.m in Sources */,
				1942C36C1BE89F6700C2DCF4 /* main.m in Sources */,
				B5EDC3141C2BE286002E2833 /* CreditExchangeCell.m in Sources */,
				19339AD91C23E4C000791A9E /* AwardManagerController.m in Sources */,
				19339AE21C257F1200791A9E /* MMaterialTVC.m in Sources */,
				19339AD61C23DEF800791A9E /* ActionMMaterial.m in Sources */,
				193C37AE1C1C23D90017CC9C /* DiscountNavigationController.m in Sources */,
				193C37A21C1C0DE20017CC9C /* MSettingTVC.m in Sources */,
				19FC0FC11C1F1E89008157E3 /* SKeyManager.m in Sources */,
				193C38291C1D94DE0017CC9C /* MKMapView+MapViewUtil.m in Sources */,
				19339AFC1C29407900791A9E /* MAwardDerivateCell.m in Sources */,
				193C38431C1D95920017CC9C /* ClickableStackView.m in Sources */,
				19339B0C1C2ABEA000791A9E /* ConsumerAwardCell.m in Sources */,
				19339ADF1C23E86F00791A9E /* MyAwardController.m in Sources */,
				193C38411C1D95920017CC9C /* GTMBase64.m in Sources */,
				19CAA8DE1C354E1B00010F68 /* ActionMActivity.m in Sources */,
				193C379F1C1C0BD70017CC9C /* MMeController.m in Sources */,
				B5EDC3171C2C24EB002E2833 /* MerchantSelectTVC.m in Sources */,
				193C382B1C1D94DE0017CC9C /* NSString+Md5.m in Sources */,
				193C37761C1BE2B70017CC9C /* MeNavigationController.m in Sources */,
				B5EDC3351C314C32002E2833 /* MerchantVerifiedInfoTVC.m in Sources */,
			);
			runOnlyForDeploymentPostprocessing = 0;
		};
/* End PBXSourcesBuildPhase section */

/* Begin PBXVariantGroup section */
		193C37781C1BE3EA0017CC9C /* Bootstrap.storyboard */ = {
			isa = PBXVariantGroup;
			children = (
				193C37791C1BE3EA0017CC9C /* Base */,
			);
			name = Bootstrap.storyboard;
			path = ..;
			sourceTree = "<group>";
		};
		193C37881C1BE9CA0017CC9C /* Merchant.storyboard */ = {
			isa = PBXVariantGroup;
			children = (
				193C37891C1BE9CA0017CC9C /* Base */,
			);
			name = Merchant.storyboard;
			sourceTree = "<group>";
		};
		193C37A91C1C23460017CC9C /* Discount.storyboard */ = {
			isa = PBXVariantGroup;
			children = (
				193C37AA1C1C23460017CC9C /* Base */,
			);
			name = Discount.storyboard;
			sourceTree = "<group>";
		};
		1942C3731BE89F6700C2DCF4 /* Consumer.storyboard */ = {
			isa = PBXVariantGroup;
			children = (
				1942C3741BE89F6700C2DCF4 /* Base */,
			);
			name = Consumer.storyboard;
			sourceTree = "<group>";
		};
		1942C3781BE89F6700C2DCF4 /* LaunchScreen.storyboard */ = {
			isa = PBXVariantGroup;
			children = (
				1942C3791BE89F6700C2DCF4 /* Base */,
			);
			name = LaunchScreen.storyboard;
			sourceTree = "<group>";
		};
		19ED4C8B1C1AA77F00FE4341 /* Me.storyboard */ = {
			isa = PBXVariantGroup;
			children = (
				19ED4C8C1C1AA77F00FE4341 /* Base */,
			);
			name = Me.storyboard;
			path = ../..;
			sourceTree = "<group>";
		};
/* End PBXVariantGroup section */

/* Begin XCBuildConfiguration section */
		1942C37C1BE89F6700C2DCF4 /* Debug */ = {
			isa = XCBuildConfiguration;
			buildSettings = {
				ALWAYS_SEARCH_USER_PATHS = NO;
				CLANG_CXX_LANGUAGE_STANDARD = "gnu++0x";
				CLANG_CXX_LIBRARY = "libc++";
				CLANG_ENABLE_MODULES = YES;
				CLANG_ENABLE_OBJC_ARC = YES;
				CLANG_WARN_BOOL_CONVERSION = YES;
				CLANG_WARN_CONSTANT_CONVERSION = YES;
				CLANG_WARN_DIRECT_OBJC_ISA_USAGE = YES_ERROR;
				CLANG_WARN_EMPTY_BODY = YES;
				CLANG_WARN_ENUM_CONVERSION = YES;
				CLANG_WARN_INT_CONVERSION = YES;
				CLANG_WARN_OBJC_ROOT_CLASS = YES_ERROR;
				CLANG_WARN_UNREACHABLE_CODE = YES;
				CLANG_WARN__DUPLICATE_METHOD_MATCH = YES;
				"CODE_SIGN_IDENTITY[sdk=iphoneos*]" = "iPhone Developer";
				COPY_PHASE_STRIP = NO;
				DEBUG_INFORMATION_FORMAT = dwarf;
				ENABLE_STRICT_OBJC_MSGSEND = YES;
				ENABLE_TESTABILITY = YES;
				GCC_C_LANGUAGE_STANDARD = gnu99;
				GCC_DYNAMIC_NO_PIC = NO;
				GCC_NO_COMMON_BLOCKS = YES;
				GCC_OPTIMIZATION_LEVEL = 0;
				GCC_PREPROCESSOR_DEFINITIONS = (
					"DEBUG=1",
					"$(inherited)",
				);
				GCC_WARN_64_TO_32_BIT_CONVERSION = YES;
				GCC_WARN_ABOUT_RETURN_TYPE = YES_ERROR;
				GCC_WARN_UNDECLARED_SELECTOR = YES;
				GCC_WARN_UNINITIALIZED_AUTOS = YES_AGGRESSIVE;
				GCC_WARN_UNUSED_FUNCTION = YES;
				GCC_WARN_UNUSED_VARIABLE = YES;
				IPHONEOS_DEPLOYMENT_TARGET = 9.1;
				MTL_ENABLE_DEBUG_INFO = YES;
				ONLY_ACTIVE_ARCH = YES;
				SDKROOT = iphoneos;
			};
			name = Debug;
		};
		1942C37D1BE89F6700C2DCF4 /* Release */ = {
			isa = XCBuildConfiguration;
			buildSettings = {
				ALWAYS_SEARCH_USER_PATHS = NO;
				CLANG_CXX_LANGUAGE_STANDARD = "gnu++0x";
				CLANG_CXX_LIBRARY = "libc++";
				CLANG_ENABLE_MODULES = YES;
				CLANG_ENABLE_OBJC_ARC = YES;
				CLANG_WARN_BOOL_CONVERSION = YES;
				CLANG_WARN_CONSTANT_CONVERSION = YES;
				CLANG_WARN_DIRECT_OBJC_ISA_USAGE = YES_ERROR;
				CLANG_WARN_EMPTY_BODY = YES;
				CLANG_WARN_ENUM_CONVERSION = YES;
				CLANG_WARN_INT_CONVERSION = YES;
				CLANG_WARN_OBJC_ROOT_CLASS = YES_ERROR;
				CLANG_WARN_UNREACHABLE_CODE = YES;
				CLANG_WARN__DUPLICATE_METHOD_MATCH = YES;
				"CODE_SIGN_IDENTITY[sdk=iphoneos*]" = "iPhone Developer";
				COPY_PHASE_STRIP = NO;
				DEBUG_INFORMATION_FORMAT = "dwarf-with-dsym";
				ENABLE_NS_ASSERTIONS = NO;
				ENABLE_STRICT_OBJC_MSGSEND = YES;
				GCC_C_LANGUAGE_STANDARD = gnu99;
				GCC_NO_COMMON_BLOCKS = YES;
				GCC_WARN_64_TO_32_BIT_CONVERSION = YES;
				GCC_WARN_ABOUT_RETURN_TYPE = YES_ERROR;
				GCC_WARN_UNDECLARED_SELECTOR = YES;
				GCC_WARN_UNINITIALIZED_AUTOS = YES_AGGRESSIVE;
				GCC_WARN_UNUSED_FUNCTION = YES;
				GCC_WARN_UNUSED_VARIABLE = YES;
				IPHONEOS_DEPLOYMENT_TARGET = 9.1;
				MTL_ENABLE_DEBUG_INFO = NO;
				SDKROOT = iphoneos;
				VALIDATE_PRODUCT = YES;
			};
			name = Release;
		};
		1942C37F1BE89F6700C2DCF4 /* Debug */ = {
			isa = XCBuildConfiguration;
			baseConfigurationReference = 06E1593861243261B9CF8DAE /* Pods.debug.xcconfig */;
			buildSettings = {
				ASSETCATALOG_COMPILER_APPICON_NAME = AppIcon;
				ASSETCATALOG_COMPILER_LAUNCHIMAGE_NAME = "Brand Assets";
				GCC_PRECOMPILE_PREFIX_HEADER = YES;
				GCC_PREFIX_HEADER = "$(SRCROOT)/Calculus/Calculus.pch";
				INFOPLIST_FILE = Calculus/Info.plist;
				LD_RUNPATH_SEARCH_PATHS = "$(inherited) @executable_path/Frameworks";
				OTHER_LDFLAGS = (
					"-ObjC",
					"-l\"Pods-AFNetworking\"",
					"-l\"Pods-DACircularProgress\"",
					"-l\"Pods-MBProgressHUD\"",
					"-l\"Pods-MWPhotoBrowser\"",
					"-l\"Pods-PSTCollectionView\"",
					"-l\"Pods-Qiniu\"",
					"-l\"Pods-SDWebImage\"",
					"-l\"Pods-SVProgressHUD\"",
					"-framework",
					"\"AssetsLibrary\"",
					"-framework",
					"\"CoreGraphics\"",
					"-framework",
					"\"ImageIO\"",
					"-framework",
					"\"MapKit\"",
					"-framework",
					"\"MessageUI\"",
					"-framework",
					"\"MobileCoreServices\"",
					"-framework",
					"\"QuartzCore\"",
					"-framework",
					"\"Security\"",
					"-framework",
					"\"SystemConfiguration\"",
					"-framework",
					"\"UIKit\"",
					"-DEBUG",
				);
				PRODUCT_BUNDLE_IDENTIFIER = com.xxx.www.Calculus;
				PRODUCT_NAME = "$(TARGET_NAME)";
			};
			name = Debug;
		};
		1942C3801BE89F6700C2DCF4 /* Release */ = {
			isa = XCBuildConfiguration;
			baseConfigurationReference = D01A48679F486AF32B41B766 /* Pods.release.xcconfig */;
			buildSettings = {
				ASSETCATALOG_COMPILER_APPICON_NAME = AppIcon;
				ASSETCATALOG_COMPILER_LAUNCHIMAGE_NAME = "Brand Assets";
				GCC_PRECOMPILE_PREFIX_HEADER = YES;
				GCC_PREFIX_HEADER = "$(SRCROOT)/Calculus/Calculus.pch";
				INFOPLIST_FILE = Calculus/Info.plist;
				LD_RUNPATH_SEARCH_PATHS = "$(inherited) @executable_path/Frameworks";
				PRODUCT_BUNDLE_IDENTIFIER = com.xxx.www.Calculus;
				PRODUCT_NAME = "$(TARGET_NAME)";
			};
			name = Release;
		};
/* End XCBuildConfiguration section */

/* Begin XCConfigurationList section */
		1942C3621BE89F6700C2DCF4 /* Build configuration list for PBXProject "Calculus" */ = {
			isa = XCConfigurationList;
			buildConfigurations = (
				1942C37C1BE89F6700C2DCF4 /* Debug */,
				1942C37D1BE89F6700C2DCF4 /* Release */,
			);
			defaultConfigurationIsVisible = 0;
			defaultConfigurationName = Release;
		};
		1942C37E1BE89F6700C2DCF4 /* Build configuration list for PBXNativeTarget "Calculus" */ = {
			isa = XCConfigurationList;
			buildConfigurations = (
				1942C37F1BE89F6700C2DCF4 /* Debug */,
				1942C3801BE89F6700C2DCF4 /* Release */,
			);
			defaultConfigurationIsVisible = 0;
			defaultConfigurationName = Release;
		};
/* End XCConfigurationList section */
	};
	rootObject = 1942C35F1BE89F6700C2DCF4 /* Project object */;
}
